// !$*UTF8*$!
{
	archiveVersion = 1;
	classes = {
	};
	objectVersion = 46;
	objects = {

/* Begin PBXBuildFile section */
		4017239817ABE20800F97442 /* CKInbox.m in Sources */ = {isa = PBXBuildFile; fileRef = 4017239717ABE20800F97442 /* CKInbox.m */; };
		4017239917ABE20800F97442 /* CKInbox.m in Sources */ = {isa = PBXBuildFile; fileRef = 4017239717ABE20800F97442 /* CKInbox.m */; };
		401723F317AC218500F97442 /* CoreData.framework in Frameworks */ = {isa = PBXBuildFile; fileRef = 401723F217AC218500F97442 /* CoreData.framework */; };
		4018C5B417C01DA800C614B6 /* CKUtility.m in Sources */ = {isa = PBXBuildFile; fileRef = 4018C5B317C01DA800C614B6 /* CKUtility.m */; };
		4018C5B517C01DA800C614B6 /* CKUtility.m in Sources */ = {isa = PBXBuildFile; fileRef = 4018C5B317C01DA800C614B6 /* CKUtility.m */; };
		40351C8617BBA90700CDADA5 /* CKListViewController.m in Sources */ = {isa = PBXBuildFile; fileRef = 40351C8417BBA90700CDADA5 /* CKListViewController.m */; };
		40351C8717BBA90700CDADA5 /* CKListViewController.m in Sources */ = {isa = PBXBuildFile; fileRef = 40351C8417BBA90700CDADA5 /* CKListViewController.m */; };
		40351C8817BBA90700CDADA5 /* CKListViewController.xib in Resources */ = {isa = PBXBuildFile; fileRef = 40351C8517BBA90700CDADA5 /* CKListViewController.xib */; };
		40351C8917BBA90700CDADA5 /* CKListViewController.xib in Resources */ = {isa = PBXBuildFile; fileRef = 40351C8517BBA90700CDADA5 /* CKListViewController.xib */; };
		40351C8E17BBDF7400CDADA5 /* SZTextView.m in Sources */ = {isa = PBXBuildFile; fileRef = 40351C8D17BBDF7400CDADA5 /* SZTextView.m */; };
		40351C8F17BBDF7400CDADA5 /* SZTextView.m in Sources */ = {isa = PBXBuildFile; fileRef = 40351C8D17BBDF7400CDADA5 /* SZTextView.m */; };
		4035F1D417BFAF4800FF522B /* CKInboxDoNowViewController.m in Sources */ = {isa = PBXBuildFile; fileRef = 4035F1D217BFAF4800FF522B /* CKInboxDoNowViewController.m */; };
		4035F1D517BFAF4800FF522B /* CKInboxDoNowViewController.m in Sources */ = {isa = PBXBuildFile; fileRef = 4035F1D217BFAF4800FF522B /* CKInboxDoNowViewController.m */; };
		4035F1D617BFAF4800FF522B /* CKInboxDoNowViewController.xib in Resources */ = {isa = PBXBuildFile; fileRef = 4035F1D317BFAF4800FF522B /* CKInboxDoNowViewController.xib */; };
		4035F1D717BFAF4800FF522B /* CKInboxDoNowViewController.xib in Resources */ = {isa = PBXBuildFile; fileRef = 4035F1D317BFAF4800FF522B /* CKInboxDoNowViewController.xib */; };
		4035F1DA17BFB1DD00FF522B /* CKEditNameCell.m in Sources */ = {isa = PBXBuildFile; fileRef = 4035F1D917BFB1DD00FF522B /* CKEditNameCell.m */; };
		4035F1DB17BFB1DD00FF522B /* CKEditNameCell.m in Sources */ = {isa = PBXBuildFile; fileRef = 4035F1D917BFB1DD00FF522B /* CKEditNameCell.m */; };
		4035F1E617BFBFD700FF522B /* CKEditPurposeCell.m in Sources */ = {isa = PBXBuildFile; fileRef = 4035F1E517BFBFD700FF522B /* CKEditPurposeCell.m */; };
		4035F1E717BFBFD700FF522B /* CKEditPurposeCell.m in Sources */ = {isa = PBXBuildFile; fileRef = 4035F1E517BFBFD700FF522B /* CKEditPurposeCell.m */; };
		405458A317C3837E00DB65FB /* CKTellTemplate.m in Sources */ = {isa = PBXBuildFile; fileRef = 405458A217C3837E00DB65FB /* CKTellTemplate.m */; };
		405458A417C3837E00DB65FB /* CKTellTemplate.m in Sources */ = {isa = PBXBuildFile; fileRef = 405458A217C3837E00DB65FB /* CKTellTemplate.m */; };
		405458A717C385E400DB65FB /* CKTellDoNow.m in Sources */ = {isa = PBXBuildFile; fileRef = 405458A617C385E400DB65FB /* CKTellDoNow.m */; };
		405458A817C385E400DB65FB /* CKTellDoNow.m in Sources */ = {isa = PBXBuildFile; fileRef = 405458A617C385E400DB65FB /* CKTellDoNow.m */; };
		405756E017A3177D00735F69 /* UIKit.framework in Frameworks */ = {isa = PBXBuildFile; fileRef = 405756DF17A3177D00735F69 /* UIKit.framework */; };
		405756E217A3177D00735F69 /* Foundation.framework in Frameworks */ = {isa = PBXBuildFile; fileRef = 405756E117A3177D00735F69 /* Foundation.framework */; };
		405756E417A3177D00735F69 /* CoreGraphics.framework in Frameworks */ = {isa = PBXBuildFile; fileRef = 405756E317A3177D00735F69 /* CoreGraphics.framework */; };
		405756EC17A3177D00735F69 /* main.m in Sources */ = {isa = PBXBuildFile; fileRef = 405756EB17A3177D00735F69 /* main.m */; };
		405756F017A3177D00735F69 /* AppDelegate.m in Sources */ = {isa = PBXBuildFile; fileRef = 405756EF17A3177D00735F69 /* AppDelegate.m */; };
		4057570417A3177D00735F69 /* SenTestingKit.framework in Frameworks */ = {isa = PBXBuildFile; fileRef = 4057570317A3177D00735F69 /* SenTestingKit.framework */; };
		4057570517A3177D00735F69 /* UIKit.framework in Frameworks */ = {isa = PBXBuildFile; fileRef = 405756DF17A3177D00735F69 /* UIKit.framework */; };
		4057570617A3177D00735F69 /* Foundation.framework in Frameworks */ = {isa = PBXBuildFile; fileRef = 405756E117A3177D00735F69 /* Foundation.framework */; };
		4057570E17A3177D00735F69 /* InfoPlist.strings in Resources */ = {isa = PBXBuildFile; fileRef = 4057570C17A3177D00735F69 /* InfoPlist.strings */; };
		4057571117A3177D00735F69 /* CoordelTests.m in Sources */ = {isa = PBXBuildFile; fileRef = 4057571017A3177D00735F69 /* CoordelTests.m */; };
		4057572217A3E91C00735F69 /* SWRevealViewController.m in Sources */ = {isa = PBXBuildFile; fileRef = 4057572117A3E91C00735F69 /* SWRevealViewController.m */; };
		4057572317A3E91C00735F69 /* SWRevealViewController.m in Sources */ = {isa = PBXBuildFile; fileRef = 4057572117A3E91C00735F69 /* SWRevealViewController.m */; };
		4057572517A3EA9C00735F69 /* Parse.framework in Frameworks */ = {isa = PBXBuildFile; fileRef = 4057572417A3EA9C00735F69 /* Parse.framework */; };
		4057572617A3EA9C00735F69 /* Parse.framework in Frameworks */ = {isa = PBXBuildFile; fileRef = 4057572417A3EA9C00735F69 /* Parse.framework */; };
		4057572A17A3EB4100735F69 /* CFNetwork.framework in Frameworks */ = {isa = PBXBuildFile; fileRef = 4057572917A3EB4100735F69 /* CFNetwork.framework */; };
		4057572C17A3EB5A00735F69 /* CoreLocation.framework in Frameworks */ = {isa = PBXBuildFile; fileRef = 4057572B17A3EB5A00735F69 /* CoreLocation.framework */; };
		4057572E17A3EB6100735F69 /* libz.1.1.3.dylib in Frameworks */ = {isa = PBXBuildFile; fileRef = 4057572D17A3EB6100735F69 /* libz.1.1.3.dylib */; };
		4057573017A3EB7700735F69 /* MobileCoreServices.framework in Frameworks */ = {isa = PBXBuildFile; fileRef = 4057572F17A3EB7700735F69 /* MobileCoreServices.framework */; };
		4057573217A3EB7E00735F69 /* QuartzCore.framework in Frameworks */ = {isa = PBXBuildFile; fileRef = 4057573117A3EB7E00735F69 /* QuartzCore.framework */; };
		4057573417A3EB9300735F69 /* Security.framework in Frameworks */ = {isa = PBXBuildFile; fileRef = 4057573317A3EB9300735F69 /* Security.framework */; };
		4057573617A3EB9B00735F69 /* StoreKit.framework in Frameworks */ = {isa = PBXBuildFile; fileRef = 4057573517A3EB9B00735F69 /* StoreKit.framework */; };
		4057573817A3EBAF00735F69 /* SystemConfiguration.framework in Frameworks */ = {isa = PBXBuildFile; fileRef = 4057573717A3EBAF00735F69 /* SystemConfiguration.framework */; };
		4057574017A3F26F00735F69 /* CKRevealViewController.m in Sources */ = {isa = PBXBuildFile; fileRef = 4057573F17A3F26F00735F69 /* CKRevealViewController.m */; };
		4057574117A3F26F00735F69 /* CKRevealViewController.m in Sources */ = {isa = PBXBuildFile; fileRef = 4057573F17A3F26F00735F69 /* CKRevealViewController.m */; };
		405757F217A480A400735F69 /* CKListsSegmentViewController.m in Sources */ = {isa = PBXBuildFile; fileRef = 405757F117A480A400735F69 /* CKListsSegmentViewController.m */; };
		405757F317A480A400735F69 /* CKListsSegmentViewController.m in Sources */ = {isa = PBXBuildFile; fileRef = 405757F117A480A400735F69 /* CKListsSegmentViewController.m */; };
		405757F617A480C300735F69 /* CKTasksSegmentViewController.m in Sources */ = {isa = PBXBuildFile; fileRef = 405757F517A480C300735F69 /* CKTasksSegmentViewController.m */; };
		405757F717A480C300735F69 /* CKTasksSegmentViewController.m in Sources */ = {isa = PBXBuildFile; fileRef = 405757F517A480C300735F69 /* CKTasksSegmentViewController.m */; };
		405757FA17A480DC00735F69 /* CKInboxViewController.m in Sources */ = {isa = PBXBuildFile; fileRef = 405757F917A480DC00735F69 /* CKInboxViewController.m */; };
		405757FB17A480DC00735F69 /* CKInboxViewController.m in Sources */ = {isa = PBXBuildFile; fileRef = 405757F917A480DC00735F69 /* CKInboxViewController.m */; };
		405757FE17A480F700735F69 /* CKSettingsViewController.m in Sources */ = {isa = PBXBuildFile; fileRef = 405757FD17A480F700735F69 /* CKSettingsViewController.m */; };
		405757FF17A480F700735F69 /* CKSettingsViewController.m in Sources */ = {isa = PBXBuildFile; fileRef = 405757FD17A480F700735F69 /* CKSettingsViewController.m */; };
		4057580317A5058A00735F69 /* InfoPlist.strings in Resources */ = {isa = PBXBuildFile; fileRef = 4057580117A5058A00735F69 /* InfoPlist.strings */; };
		4057580617A50A1D00735F69 /* LocalizedConstants.m in Sources */ = {isa = PBXBuildFile; fileRef = 4057580517A50A1D00735F69 /* LocalizedConstants.m */; };
		4057580917A50A3A00735F69 /* Constants.m in Sources */ = {isa = PBXBuildFile; fileRef = 4057580817A50A3A00735F69 /* Constants.m */; };
		4057581017A6DD9200735F69 /* CKInboxViewController.xib in Resources */ = {isa = PBXBuildFile; fileRef = 4057580F17A6DD9100735F69 /* CKInboxViewController.xib */; };
		4057585517A7C61000735F69 /* libMailCore-ios.a in Frameworks */ = {isa = PBXBuildFile; fileRef = 4057584C17A7C5BB00735F69 /* libMailCore-ios.a */; };
		4057586117A98E1500735F69 /* CKEmailAccount.m in Sources */ = {isa = PBXBuildFile; fileRef = 4057586017A98E1500735F69 /* CKEmailAccount.m */; };
		4057586217A98E1500735F69 /* CKEmailAccount.m in Sources */ = {isa = PBXBuildFile; fileRef = 4057586017A98E1500735F69 /* CKEmailAccount.m */; };
		4057587117A9BFC700735F69 /* CKWelcomeViewController.m in Sources */ = {isa = PBXBuildFile; fileRef = 4057586F17A9BFC700735F69 /* CKWelcomeViewController.m */; };
		4057587217A9BFC700735F69 /* CKWelcomeViewController.xib in Resources */ = {isa = PBXBuildFile; fileRef = 4057587017A9BFC700735F69 /* CKWelcomeViewController.xib */; };
		4057588417A9DD8D00735F69 /* CKWelcomeChildViewController.m in Sources */ = {isa = PBXBuildFile; fileRef = 4057588217A9DD8C00735F69 /* CKWelcomeChildViewController.m */; };
		4057588517A9DD8E00735F69 /* CKWelcomeChildViewController.xib in Resources */ = {isa = PBXBuildFile; fileRef = 4057588317A9DD8D00735F69 /* CKWelcomeChildViewController.xib */; };
		4057589117AA723B00735F69 /* CKLoginViewController.m in Sources */ = {isa = PBXBuildFile; fileRef = 4057589017AA723B00735F69 /* CKLoginViewController.m */; };
		4057589417AA735E00735F69 /* CKAccessViewController.m in Sources */ = {isa = PBXBuildFile; fileRef = 4057589317AA735C00735F69 /* CKAccessViewController.m */; };
		4057589B17AAB4A900735F69 /* CKSignupViewController.m in Sources */ = {isa = PBXBuildFile; fileRef = 4057589A17AAB4A700735F69 /* CKSignupViewController.m */; };
		40612D2F17BA38E200736B1F /* Media.xcassets in Resources */ = {isa = PBXBuildFile; fileRef = 40612D2E17BA38E200736B1F /* Media.xcassets */; };
		40612D3217BA474A00736B1F /* CKList.m in Sources */ = {isa = PBXBuildFile; fileRef = 40612D3117BA474A00736B1F /* CKList.m */; };
		40612D3317BA474A00736B1F /* CKList.m in Sources */ = {isa = PBXBuildFile; fileRef = 40612D3117BA474A00736B1F /* CKList.m */; };
		40612D3617BA662200736B1F /* CKUser.m in Sources */ = {isa = PBXBuildFile; fileRef = 40612D3517BA662200736B1F /* CKUser.m */; };
		40612D3717BA662200736B1F /* CKUser.m in Sources */ = {isa = PBXBuildFile; fileRef = 40612D3517BA662200736B1F /* CKUser.m */; };
		40612D3A17BA71F600736B1F /* CKListAssignment.m in Sources */ = {isa = PBXBuildFile; fileRef = 40612D3917BA71F600736B1F /* CKListAssignment.m */; };
		40612D3B17BA71F600736B1F /* CKListAssignment.m in Sources */ = {isa = PBXBuildFile; fileRef = 40612D3917BA71F600736B1F /* CKListAssignment.m */; };
		40A6B52D17C61A7200EF052F /* CKListPickerViewController.m in Sources */ = {isa = PBXBuildFile; fileRef = 40A6B52C17C61A7200EF052F /* CKListPickerViewController.m */; };
		40A6B52E17C61A7200EF052F /* CKListPickerViewController.m in Sources */ = {isa = PBXBuildFile; fileRef = 40A6B52C17C61A7200EF052F /* CKListPickerViewController.m */; };
		40C5A30A17AD237100EA140A /* CKInboxPlayViewController.m in Sources */ = {isa = PBXBuildFile; fileRef = 40C5A30817AD237100EA140A /* CKInboxPlayViewController.m */; };
		40C5A30B17AD237100EA140A /* CKInboxPlayViewController.xib in Resources */ = {isa = PBXBuildFile; fileRef = 40C5A30917AD237100EA140A /* CKInboxPlayViewController.xib */; };
		40C5A31417AD5A6800EA140A /* InboxData.xcdatamodeld in Sources */ = {isa = PBXBuildFile; fileRef = 40C5A31217AD5A6800EA140A /* InboxData.xcdatamodeld */; };
		40C5A32817ADDB1600EA140A /* CKInboxMessageView.m in Sources */ = {isa = PBXBuildFile; fileRef = 40C5A32717ADDB1600EA140A /* CKInboxMessageView.m */; };
		40C5A35017B11F1000EA140A /* RNGridMenu.m in Sources */ = {isa = PBXBuildFile; fileRef = 40C5A34E17B11F1000EA140A /* RNGridMenu.m */; };
		40C5A35117B11F1000EA140A /* RNGridMenu.m in Sources */ = {isa = PBXBuildFile; fileRef = 40C5A34E17B11F1000EA140A /* RNGridMenu.m */; };
		40C5A35317B11F8200EA140A /* Accelerate.framework in Frameworks */ = {isa = PBXBuildFile; fileRef = 40C5A35217B11F8100EA140A /* Accelerate.framework */; };
		40C5A38917B2667400EA140A /* CKTaskViewController.m in Sources */ = {isa = PBXBuildFile; fileRef = 40C5A38717B2667400EA140A /* CKTaskViewController.m */; };
		40C5A38A17B2667400EA140A /* CKTaskViewController.xib in Resources */ = {isa = PBXBuildFile; fileRef = 40C5A38817B2667400EA140A /* CKTaskViewController.xib */; };
		40C5A38D17B279AD00EA140A /* CKTask.m in Sources */ = {isa = PBXBuildFile; fileRef = 40C5A38C17B279AD00EA140A /* CKTask.m */; };
		40C5A39017B51D3D00EA140A /* timer-buzzer.caf in Resources */ = {isa = PBXBuildFile; fileRef = 40C5A38F17B51D3D00EA140A /* timer-buzzer.caf */; };
		40C5A39217B5203A00EA140A /* AVFoundation.framework in Frameworks */ = {isa = PBXBuildFile; fileRef = 40C5A39117B5203600EA140A /* AVFoundation.framework */; };
		40C5A39317B520C200EA140A /* AudioToolbox.framework in Frameworks */ = {isa = PBXBuildFile; fileRef = 4057572717A3EB3200735F69 /* AudioToolbox.framework */; };
		40C5A39B17B5659E00EA140A /* timer-success.caf in Resources */ = {isa = PBXBuildFile; fileRef = 40C5A39A17B5659E00EA140A /* timer-success.caf */; };
		40C5A39F17B57C3100EA140A /* CKTaskInformViewController.m in Sources */ = {isa = PBXBuildFile; fileRef = 40C5A39D17B57C3000EA140A /* CKTaskInformViewController.m */; };
		40C5A3A017B57C3100EA140A /* CKTaskInformViewController.xib in Resources */ = {isa = PBXBuildFile; fileRef = 40C5A39E17B57C3000EA140A /* CKTaskInformViewController.xib */; };
		40C5A3A317B57E7F00EA140A /* AddressBook.framework in Frameworks */ = {isa = PBXBuildFile; fileRef = 40C5A3A117B57E7D00EA140A /* AddressBook.framework */; };
		40C5A3A417B57E7F00EA140A /* AddressBookUI.framework in Frameworks */ = {isa = PBXBuildFile; fileRef = 40C5A3A217B57E7E00EA140A /* AddressBookUI.framework */; };
		40C5A3AC17B6516A00EA140A /* THBubbleColor.m in Sources */ = {isa = PBXBuildFile; fileRef = 40C5A3A717B6516A00EA140A /* THBubbleColor.m */; };
		40C5A3AD17B6516A00EA140A /* THBubbleColor.m in Sources */ = {isa = PBXBuildFile; fileRef = 40C5A3A717B6516A00EA140A /* THBubbleColor.m */; };
		40C5A3AE17B6516A00EA140A /* THContactBubble.m in Sources */ = {isa = PBXBuildFile; fileRef = 40C5A3A917B6516A00EA140A /* THContactBubble.m */; };
		40C5A3AF17B6516A00EA140A /* THContactBubble.m in Sources */ = {isa = PBXBuildFile; fileRef = 40C5A3A917B6516A00EA140A /* THContactBubble.m */; };
		40C5A3B017B6516A00EA140A /* THContactPickerView.m in Sources */ = {isa = PBXBuildFile; fileRef = 40C5A3AB17B6516A00EA140A /* THContactPickerView.m */; };
		40C5A3B117B6516A00EA140A /* THContactPickerView.m in Sources */ = {isa = PBXBuildFile; fileRef = 40C5A3AB17B6516A00EA140A /* THContactPickerView.m */; };
		40C5A3C017B65D7500EA140A /* CKTaskAction.m in Sources */ = {isa = PBXBuildFile; fileRef = 40C5A3BF17B65D7500EA140A /* CKTaskAction.m */; };
		40C5A3C117B65D7500EA140A /* CKTaskAction.m in Sources */ = {isa = PBXBuildFile; fileRef = 40C5A3BF17B65D7500EA140A /* CKTaskAction.m */; };
		40C5A3C617B6C1CF00EA140A /* CKTaskNameCell.xib in Resources */ = {isa = PBXBuildFile; fileRef = 40C5A3C517B6C1CF00EA140A /* CKTaskNameCell.xib */; };
		40C5A3C717B6C1CF00EA140A /* CKTaskNameCell.xib in Resources */ = {isa = PBXBuildFile; fileRef = 40C5A3C517B6C1CF00EA140A /* CKTaskNameCell.xib */; };
		40C5A41C17B7BB6700EA140A /* CKTaskNameCell.m in Sources */ = {isa = PBXBuildFile; fileRef = 40C5A41B17B7BB6700EA140A /* CKTaskNameCell.m */; };
		40C5A41D17B7BB6700EA140A /* CKTaskNameCell.m in Sources */ = {isa = PBXBuildFile; fileRef = 40C5A41B17B7BB6700EA140A /* CKTaskNameCell.m */; };
		40C5A49917B9263400EA140A /* CKTaskOwnerCell.m in Sources */ = {isa = PBXBuildFile; fileRef = 40C5A49817B9263300EA140A /* CKTaskOwnerCell.m */; };
		40C5A49A17B9263400EA140A /* CKTaskOwnerCell.m in Sources */ = {isa = PBXBuildFile; fileRef = 40C5A49817B9263300EA140A /* CKTaskOwnerCell.m */; };
		40C5A49C17B9265000EA140A /* CKTaskOwnerCell.xib in Resources */ = {isa = PBXBuildFile; fileRef = 40C5A49B17B9264F00EA140A /* CKTaskOwnerCell.xib */; };
		40C5A49D17B9265000EA140A /* CKTaskOwnerCell.xib in Resources */ = {isa = PBXBuildFile; fileRef = 40C5A49B17B9264F00EA140A /* CKTaskOwnerCell.xib */; };
		40FE0A8A17C4D2FF00D0ABF1 /* CKTaskActionTemplate.m in Sources */ = {isa = PBXBuildFile; fileRef = 40FE0A8917C4D2FF00D0ABF1 /* CKTaskActionTemplate.m */; };
		40FE0A8B17C4D2FF00D0ABF1 /* CKTaskActionTemplate.m in Sources */ = {isa = PBXBuildFile; fileRef = 40FE0A8917C4D2FF00D0ABF1 /* CKTaskActionTemplate.m */; };
		40FE0A8E17C4D90B00D0ABF1 /* CKTaskActionDoNow.m in Sources */ = {isa = PBXBuildFile; fileRef = 40FE0A8D17C4D90B00D0ABF1 /* CKTaskActionDoNow.m */; };
		40FE0A8F17C4D90B00D0ABF1 /* CKTaskActionDoNow.m in Sources */ = {isa = PBXBuildFile; fileRef = 40FE0A8D17C4D90B00D0ABF1 /* CKTaskActionDoNow.m */; };
		40FE0A9C17C4DB4D00D0ABF1 /* CKTellArchiveEmail.m in Sources */ = {isa = PBXBuildFile; fileRef = 40FE0A9917C4DB4D00D0ABF1 /* CKTellArchiveEmail.m */; };
		40FE0A9D17C4DB4D00D0ABF1 /* CKTellArchiveEmail.m in Sources */ = {isa = PBXBuildFile; fileRef = 40FE0A9917C4DB4D00D0ABF1 /* CKTellArchiveEmail.m */; };
		40FE0A9E17C4DB4D00D0ABF1 /* CKTellDeleteEmail.m in Sources */ = {isa = PBXBuildFile; fileRef = 40FE0A9B17C4DB4D00D0ABF1 /* CKTellDeleteEmail.m */; };
		40FE0A9F17C4DB4D00D0ABF1 /* CKTellDeleteEmail.m in Sources */ = {isa = PBXBuildFile; fileRef = 40FE0A9B17C4DB4D00D0ABF1 /* CKTellDeleteEmail.m */; };
		40FE0AA217C4DB8000D0ABF1 /* CKTaskActionDefer.m in Sources */ = {isa = PBXBuildFile; fileRef = 40FE0AA117C4DB8000D0ABF1 /* CKTaskActionDefer.m */; };
		40FE0AA317C4DB8000D0ABF1 /* CKTaskActionDefer.m in Sources */ = {isa = PBXBuildFile; fileRef = 40FE0AA117C4DB8000D0ABF1 /* CKTaskActionDefer.m */; };
		40FE0AA617C4DB9100D0ABF1 /* CKTaskActionDelegate.m in Sources */ = {isa = PBXBuildFile; fileRef = 40FE0AA517C4DB9100D0ABF1 /* CKTaskActionDelegate.m */; };
		40FE0AA717C4DB9100D0ABF1 /* CKTaskActionDelegate.m in Sources */ = {isa = PBXBuildFile; fileRef = 40FE0AA517C4DB9100D0ABF1 /* CKTaskActionDelegate.m */; };
		40FE0AAA17C4F39F00D0ABF1 /* CKTellDeferTask.m in Sources */ = {isa = PBXBuildFile; fileRef = 40FE0AA917C4F39F00D0ABF1 /* CKTellDeferTask.m */; };
		40FE0AAB17C4F39F00D0ABF1 /* CKTellDeferTask.m in Sources */ = {isa = PBXBuildFile; fileRef = 40FE0AA917C4F39F00D0ABF1 /* CKTellDeferTask.m */; };
/* End PBXBuildFile section */

/* Begin PBXContainerItemProxy section */
		4057570717A3177D00735F69 /* PBXContainerItemProxy */ = {
			isa = PBXContainerItemProxy;
			containerPortal = 405756D417A3177D00735F69 /* Project object */;
			proxyType = 1;
			remoteGlobalIDString = 405756DB17A3177D00735F69;
			remoteInfo = Coordel;
		};
		4057584917A7C5BB00735F69 /* PBXContainerItemProxy */ = {
			isa = PBXContainerItemProxy;
			containerPortal = 4057584117A7C5BA00735F69 /* mailcore2.xcodeproj */;
			proxyType = 2;
			remoteGlobalIDString = C64EA537169E772200778456;
			remoteInfo = "static mailcore2 osx";
		};
		4057584B17A7C5BB00735F69 /* PBXContainerItemProxy */ = {
			isa = PBXContainerItemProxy;
			containerPortal = 4057584117A7C5BA00735F69 /* mailcore2.xcodeproj */;
			proxyType = 2;
			remoteGlobalIDString = C6BA2C191705F4E6003F0E9E;
			remoteInfo = "static mailcore2 ios";
		};
		4057584D17A7C5BB00735F69 /* PBXContainerItemProxy */ = {
			isa = PBXContainerItemProxy;
			containerPortal = 4057584117A7C5BA00735F69 /* mailcore2.xcodeproj */;
			proxyType = 2;
			remoteGlobalIDString = C64EA78C169F259200778456;
			remoteInfo = tests;
		};
		4057584F17A7C5BB00735F69 /* PBXContainerItemProxy */ = {
			isa = PBXContainerItemProxy;
			containerPortal = 4057584117A7C5BA00735F69 /* mailcore2.xcodeproj */;
			proxyType = 2;
			remoteGlobalIDString = C6A81B911706840C00882C15;
			remoteInfo = "test-ios";
		};
		4057585117A7C5BB00735F69 /* PBXContainerItemProxy */ = {
			isa = PBXContainerItemProxy;
			containerPortal = 4057584117A7C5BA00735F69 /* mailcore2.xcodeproj */;
			proxyType = 2;
			remoteGlobalIDString = C6BD288D170BD71100A91AC1;
			remoteInfo = "mailcore osx";
		};
		4057585317A7C5CA00735F69 /* PBXContainerItemProxy */ = {
			isa = PBXContainerItemProxy;
			containerPortal = 4057584117A7C5BA00735F69 /* mailcore2.xcodeproj */;
			proxyType = 1;
			remoteGlobalIDString = C6BA2B091705F4E6003F0E9E;
			remoteInfo = "static mailcore2 ios";
		};
/* End PBXContainerItemProxy section */

/* Begin PBXFileReference section */
		4017239617ABE20800F97442 /* CKInbox.h */ = {isa = PBXFileReference; fileEncoding = 4; lastKnownFileType = sourcecode.c.h; path = CKInbox.h; sourceTree = "<group>"; };
		4017239717ABE20800F97442 /* CKInbox.m */ = {isa = PBXFileReference; fileEncoding = 4; lastKnownFileType = sourcecode.c.objc; path = CKInbox.m; sourceTree = "<group>"; };
		401723F217AC218500F97442 /* CoreData.framework */ = {isa = PBXFileReference; lastKnownFileType = wrapper.framework; name = CoreData.framework; path = System/Library/Frameworks/CoreData.framework; sourceTree = SDKROOT; };
		4018C5B217C01DA800C614B6 /* CKUtility.h */ = {isa = PBXFileReference; fileEncoding = 4; lastKnownFileType = sourcecode.c.h; path = CKUtility.h; sourceTree = "<group>"; };
		4018C5B317C01DA800C614B6 /* CKUtility.m */ = {isa = PBXFileReference; fileEncoding = 4; lastKnownFileType = sourcecode.c.objc; path = CKUtility.m; sourceTree = "<group>"; };
		40351C8317BBA90700CDADA5 /* CKListViewController.h */ = {isa = PBXFileReference; fileEncoding = 4; lastKnownFileType = sourcecode.c.h; path = CKListViewController.h; sourceTree = "<group>"; };
		40351C8417BBA90700CDADA5 /* CKListViewController.m */ = {isa = PBXFileReference; fileEncoding = 4; lastKnownFileType = sourcecode.c.objc; path = CKListViewController.m; sourceTree = "<group>"; };
		40351C8517BBA90700CDADA5 /* CKListViewController.xib */ = {isa = PBXFileReference; fileEncoding = 4; lastKnownFileType = file.xib; path = CKListViewController.xib; sourceTree = "<group>"; };
		40351C8C17BBDF7400CDADA5 /* SZTextView.h */ = {isa = PBXFileReference; fileEncoding = 4; lastKnownFileType = sourcecode.c.h; path = SZTextView.h; sourceTree = "<group>"; };
		40351C8D17BBDF7400CDADA5 /* SZTextView.m */ = {isa = PBXFileReference; fileEncoding = 4; lastKnownFileType = sourcecode.c.objc; path = SZTextView.m; sourceTree = "<group>"; };
		4035F1D117BFAF4800FF522B /* CKInboxDoNowViewController.h */ = {isa = PBXFileReference; fileEncoding = 4; lastKnownFileType = sourcecode.c.h; path = CKInboxDoNowViewController.h; sourceTree = "<group>"; };
		4035F1D217BFAF4800FF522B /* CKInboxDoNowViewController.m */ = {isa = PBXFileReference; fileEncoding = 4; lastKnownFileType = sourcecode.c.objc; path = CKInboxDoNowViewController.m; sourceTree = "<group>"; };
		4035F1D317BFAF4800FF522B /* CKInboxDoNowViewController.xib */ = {isa = PBXFileReference; fileEncoding = 4; lastKnownFileType = file.xib; path = CKInboxDoNowViewController.xib; sourceTree = "<group>"; };
		4035F1D817BFB1DD00FF522B /* CKEditNameCell.h */ = {isa = PBXFileReference; fileEncoding = 4; lastKnownFileType = sourcecode.c.h; path = CKEditNameCell.h; sourceTree = "<group>"; };
		4035F1D917BFB1DD00FF522B /* CKEditNameCell.m */ = {isa = PBXFileReference; fileEncoding = 4; lastKnownFileType = sourcecode.c.objc; path = CKEditNameCell.m; sourceTree = "<group>"; };
		4035F1E417BFBFD700FF522B /* CKEditPurposeCell.h */ = {isa = PBXFileReference; fileEncoding = 4; lastKnownFileType = sourcecode.c.h; path = CKEditPurposeCell.h; sourceTree = "<group>"; };
		4035F1E517BFBFD700FF522B /* CKEditPurposeCell.m */ = {isa = PBXFileReference; fileEncoding = 4; lastKnownFileType = sourcecode.c.objc; path = CKEditPurposeCell.m; sourceTree = "<group>"; };
		405458A217C3837E00DB65FB /* CKTellTemplate.m */ = {isa = PBXFileReference; fileEncoding = 4; lastKnownFileType = sourcecode.c.objc; path = CKTellTemplate.m; sourceTree = "<group>"; };
		405458A517C385E400DB65FB /* CKTellDoNow.h */ = {isa = PBXFileReference; fileEncoding = 4; lastKnownFileType = sourcecode.c.h; path = CKTellDoNow.h; sourceTree = "<group>"; };
		405458A617C385E400DB65FB /* CKTellDoNow.m */ = {isa = PBXFileReference; fileEncoding = 4; lastKnownFileType = sourcecode.c.objc; path = CKTellDoNow.m; sourceTree = "<group>"; };
		405756DC17A3177D00735F69 /* Coordel iPhone.app */ = {isa = PBXFileReference; explicitFileType = wrapper.application; includeInIndex = 0; path = "Coordel iPhone.app"; sourceTree = BUILT_PRODUCTS_DIR; };
		405756DF17A3177D00735F69 /* UIKit.framework */ = {isa = PBXFileReference; lastKnownFileType = wrapper.framework; name = UIKit.framework; path = System/Library/Frameworks/UIKit.framework; sourceTree = SDKROOT; };
		405756E117A3177D00735F69 /* Foundation.framework */ = {isa = PBXFileReference; lastKnownFileType = wrapper.framework; name = Foundation.framework; path = System/Library/Frameworks/Foundation.framework; sourceTree = SDKROOT; };
		405756E317A3177D00735F69 /* CoreGraphics.framework */ = {isa = PBXFileReference; lastKnownFileType = wrapper.framework; name = CoreGraphics.framework; path = System/Library/Frameworks/CoreGraphics.framework; sourceTree = SDKROOT; };
		405756E717A3177D00735F69 /* Coordel iPhone-Info.plist */ = {isa = PBXFileReference; lastKnownFileType = text.plist.xml; path = "Coordel iPhone-Info.plist"; sourceTree = "<group>"; };
		405756EB17A3177D00735F69 /* main.m */ = {isa = PBXFileReference; lastKnownFileType = sourcecode.c.objc; path = main.m; sourceTree = "<group>"; };
		405756ED17A3177D00735F69 /* Coordel iPhone-Prefix.pch */ = {isa = PBXFileReference; lastKnownFileType = sourcecode.c.h; path = "Coordel iPhone-Prefix.pch"; sourceTree = "<group>"; };
		405756EE17A3177D00735F69 /* AppDelegate.h */ = {isa = PBXFileReference; lastKnownFileType = sourcecode.c.h; lineEnding = 0; path = AppDelegate.h; sourceTree = "<group>"; };
		405756EF17A3177D00735F69 /* AppDelegate.m */ = {isa = PBXFileReference; lastKnownFileType = sourcecode.c.objc; path = AppDelegate.m; sourceTree = "<group>"; };
		4057570217A3177D00735F69 /* Coordel iPhoneTests.octest */ = {isa = PBXFileReference; explicitFileType = wrapper.cfbundle; includeInIndex = 0; path = "Coordel iPhoneTests.octest"; sourceTree = BUILT_PRODUCTS_DIR; };
		4057570317A3177D00735F69 /* SenTestingKit.framework */ = {isa = PBXFileReference; lastKnownFileType = wrapper.framework; name = SenTestingKit.framework; path = Library/Frameworks/SenTestingKit.framework; sourceTree = DEVELOPER_DIR; };
		4057570B17A3177D00735F69 /* Coordel iPhoneTests-Info.plist */ = {isa = PBXFileReference; lastKnownFileType = text.plist.xml; path = "Coordel iPhoneTests-Info.plist"; sourceTree = "<group>"; };
		4057570D17A3177D00735F69 /* en */ = {isa = PBXFileReference; lastKnownFileType = text.plist.strings; name = en; path = en.lproj/InfoPlist.strings; sourceTree = "<group>"; };
		4057570F17A3177D00735F69 /* CoordelTests.h */ = {isa = PBXFileReference; lastKnownFileType = sourcecode.c.h; path = CoordelTests.h; sourceTree = "<group>"; };
		4057571017A3177D00735F69 /* CoordelTests.m */ = {isa = PBXFileReference; lastKnownFileType = sourcecode.c.objc; path = CoordelTests.m; sourceTree = "<group>"; };
		4057572017A3E91C00735F69 /* SWRevealViewController.h */ = {isa = PBXFileReference; fileEncoding = 4; lastKnownFileType = sourcecode.c.h; path = SWRevealViewController.h; sourceTree = "<group>"; };
		4057572117A3E91C00735F69 /* SWRevealViewController.m */ = {isa = PBXFileReference; fileEncoding = 4; lastKnownFileType = sourcecode.c.objc; path = SWRevealViewController.m; sourceTree = "<group>"; };
		4057572417A3EA9C00735F69 /* Parse.framework */ = {isa = PBXFileReference; lastKnownFileType = wrapper.framework; path = Parse.framework; sourceTree = "<group>"; };
		4057572717A3EB3200735F69 /* AudioToolbox.framework */ = {isa = PBXFileReference; lastKnownFileType = wrapper.framework; name = AudioToolbox.framework; path = System/Library/Frameworks/AudioToolbox.framework; sourceTree = SDKROOT; };
		4057572917A3EB4100735F69 /* CFNetwork.framework */ = {isa = PBXFileReference; lastKnownFileType = wrapper.framework; name = CFNetwork.framework; path = System/Library/Frameworks/CFNetwork.framework; sourceTree = SDKROOT; };
		4057572B17A3EB5A00735F69 /* CoreLocation.framework */ = {isa = PBXFileReference; lastKnownFileType = wrapper.framework; name = CoreLocation.framework; path = System/Library/Frameworks/CoreLocation.framework; sourceTree = SDKROOT; };
		4057572D17A3EB6100735F69 /* libz.1.1.3.dylib */ = {isa = PBXFileReference; lastKnownFileType = "compiled.mach-o.dylib"; name = libz.1.1.3.dylib; path = usr/lib/libz.1.1.3.dylib; sourceTree = SDKROOT; };
		4057572F17A3EB7700735F69 /* MobileCoreServices.framework */ = {isa = PBXFileReference; lastKnownFileType = wrapper.framework; name = MobileCoreServices.framework; path = System/Library/Frameworks/MobileCoreServices.framework; sourceTree = SDKROOT; };
		4057573117A3EB7E00735F69 /* QuartzCore.framework */ = {isa = PBXFileReference; lastKnownFileType = wrapper.framework; name = QuartzCore.framework; path = System/Library/Frameworks/QuartzCore.framework; sourceTree = SDKROOT; };
		4057573317A3EB9300735F69 /* Security.framework */ = {isa = PBXFileReference; lastKnownFileType = wrapper.framework; name = Security.framework; path = System/Library/Frameworks/Security.framework; sourceTree = SDKROOT; };
		4057573517A3EB9B00735F69 /* StoreKit.framework */ = {isa = PBXFileReference; lastKnownFileType = wrapper.framework; name = StoreKit.framework; path = System/Library/Frameworks/StoreKit.framework; sourceTree = SDKROOT; };
		4057573717A3EBAF00735F69 /* SystemConfiguration.framework */ = {isa = PBXFileReference; lastKnownFileType = wrapper.framework; name = SystemConfiguration.framework; path = System/Library/Frameworks/SystemConfiguration.framework; sourceTree = SDKROOT; };
		4057573E17A3F26F00735F69 /* CKRevealViewController.h */ = {isa = PBXFileReference; fileEncoding = 4; lastKnownFileType = sourcecode.c.h; path = CKRevealViewController.h; sourceTree = "<group>"; };
		4057573F17A3F26F00735F69 /* CKRevealViewController.m */ = {isa = PBXFileReference; fileEncoding = 4; lastKnownFileType = sourcecode.c.objc; path = CKRevealViewController.m; sourceTree = "<group>"; };
		405757F017A480A400735F69 /* CKListsSegmentViewController.h */ = {isa = PBXFileReference; fileEncoding = 4; lastKnownFileType = sourcecode.c.h; path = CKListsSegmentViewController.h; sourceTree = "<group>"; };
		405757F117A480A400735F69 /* CKListsSegmentViewController.m */ = {isa = PBXFileReference; fileEncoding = 4; lastKnownFileType = sourcecode.c.objc; path = CKListsSegmentViewController.m; sourceTree = "<group>"; };
		405757F417A480C300735F69 /* CKTasksSegmentViewController.h */ = {isa = PBXFileReference; fileEncoding = 4; lastKnownFileType = sourcecode.c.h; path = CKTasksSegmentViewController.h; sourceTree = "<group>"; };
		405757F517A480C300735F69 /* CKTasksSegmentViewController.m */ = {isa = PBXFileReference; fileEncoding = 4; lastKnownFileType = sourcecode.c.objc; path = CKTasksSegmentViewController.m; sourceTree = "<group>"; };
		405757F817A480DC00735F69 /* CKInboxViewController.h */ = {isa = PBXFileReference; fileEncoding = 4; lastKnownFileType = sourcecode.c.h; path = CKInboxViewController.h; sourceTree = "<group>"; };
		405757F917A480DC00735F69 /* CKInboxViewController.m */ = {isa = PBXFileReference; fileEncoding = 4; lastKnownFileType = sourcecode.c.objc; path = CKInboxViewController.m; sourceTree = "<group>"; };
		405757FC17A480F700735F69 /* CKSettingsViewController.h */ = {isa = PBXFileReference; fileEncoding = 4; lastKnownFileType = sourcecode.c.h; path = CKSettingsViewController.h; sourceTree = "<group>"; };
		405757FD17A480F700735F69 /* CKSettingsViewController.m */ = {isa = PBXFileReference; fileEncoding = 4; lastKnownFileType = sourcecode.c.objc; path = CKSettingsViewController.m; sourceTree = "<group>"; };
		4057580217A5058A00735F69 /* en */ = {isa = PBXFileReference; lastKnownFileType = text.plist.strings; name = en; path = InfoPlist.strings; sourceTree = "<group>"; };
		4057580517A50A1D00735F69 /* LocalizedConstants.m */ = {isa = PBXFileReference; fileEncoding = 4; lastKnownFileType = sourcecode.c.objc; path = LocalizedConstants.m; sourceTree = "<group>"; };
		4057580717A50A3900735F69 /* Constants.h */ = {isa = PBXFileReference; fileEncoding = 4; lastKnownFileType = sourcecode.c.h; path = Constants.h; sourceTree = "<group>"; };
		4057580817A50A3A00735F69 /* Constants.m */ = {isa = PBXFileReference; fileEncoding = 4; lastKnownFileType = sourcecode.c.objc; path = Constants.m; sourceTree = "<group>"; };
		4057580F17A6DD9100735F69 /* CKInboxViewController.xib */ = {isa = PBXFileReference; fileEncoding = 4; lastKnownFileType = file.xib; path = CKInboxViewController.xib; sourceTree = "<group>"; };
		4057584117A7C5BA00735F69 /* mailcore2.xcodeproj */ = {isa = PBXFileReference; lastKnownFileType = "wrapper.pb-project"; name = mailcore2.xcodeproj; path = "../../mailcore2/build-mac/mailcore2.xcodeproj"; sourceTree = "<group>"; };
		4057585F17A98E1500735F69 /* CKEmailAccount.h */ = {isa = PBXFileReference; fileEncoding = 4; lastKnownFileType = sourcecode.c.h; path = CKEmailAccount.h; sourceTree = "<group>"; };
		4057586017A98E1500735F69 /* CKEmailAccount.m */ = {isa = PBXFileReference; fileEncoding = 4; lastKnownFileType = sourcecode.c.objc; path = CKEmailAccount.m; sourceTree = "<group>"; };
		4057586E17A9BFC700735F69 /* CKWelcomeViewController.h */ = {isa = PBXFileReference; fileEncoding = 4; lastKnownFileType = sourcecode.c.h; path = CKWelcomeViewController.h; sourceTree = "<group>"; };
		4057586F17A9BFC700735F69 /* CKWelcomeViewController.m */ = {isa = PBXFileReference; fileEncoding = 4; lastKnownFileType = sourcecode.c.objc; path = CKWelcomeViewController.m; sourceTree = "<group>"; };
		4057587017A9BFC700735F69 /* CKWelcomeViewController.xib */ = {isa = PBXFileReference; fileEncoding = 4; lastKnownFileType = file.xib; path = CKWelcomeViewController.xib; sourceTree = "<group>"; };
		4057588117A9DD8C00735F69 /* CKWelcomeChildViewController.h */ = {isa = PBXFileReference; fileEncoding = 4; lastKnownFileType = sourcecode.c.h; path = CKWelcomeChildViewController.h; sourceTree = "<group>"; };
		4057588217A9DD8C00735F69 /* CKWelcomeChildViewController.m */ = {isa = PBXFileReference; fileEncoding = 4; lastKnownFileType = sourcecode.c.objc; path = CKWelcomeChildViewController.m; sourceTree = "<group>"; };
		4057588317A9DD8D00735F69 /* CKWelcomeChildViewController.xib */ = {isa = PBXFileReference; fileEncoding = 4; lastKnownFileType = file.xib; path = CKWelcomeChildViewController.xib; sourceTree = "<group>"; };
		4057588F17AA723B00735F69 /* CKLoginViewController.h */ = {isa = PBXFileReference; fileEncoding = 4; lastKnownFileType = sourcecode.c.h; path = CKLoginViewController.h; sourceTree = "<group>"; };
		4057589017AA723B00735F69 /* CKLoginViewController.m */ = {isa = PBXFileReference; fileEncoding = 4; lastKnownFileType = sourcecode.c.objc; path = CKLoginViewController.m; sourceTree = "<group>"; };
		4057589217AA735C00735F69 /* CKAccessViewController.h */ = {isa = PBXFileReference; fileEncoding = 4; lastKnownFileType = sourcecode.c.h; path = CKAccessViewController.h; sourceTree = "<group>"; };
		4057589317AA735C00735F69 /* CKAccessViewController.m */ = {isa = PBXFileReference; fileEncoding = 4; lastKnownFileType = sourcecode.c.objc; path = CKAccessViewController.m; sourceTree = "<group>"; };
		4057589917AAB4A500735F69 /* CKSignupViewController.h */ = {isa = PBXFileReference; fileEncoding = 4; lastKnownFileType = sourcecode.c.h; path = CKSignupViewController.h; sourceTree = "<group>"; };
		4057589A17AAB4A700735F69 /* CKSignupViewController.m */ = {isa = PBXFileReference; fileEncoding = 4; lastKnownFileType = sourcecode.c.objc; path = CKSignupViewController.m; sourceTree = "<group>"; };
		40612D2E17BA38E200736B1F /* Media.xcassets */ = {isa = PBXFileReference; lastKnownFileType = folder.assetcatalog; path = Media.xcassets; sourceTree = "<group>"; };
		40612D3017BA474A00736B1F /* CKList.h */ = {isa = PBXFileReference; fileEncoding = 4; lastKnownFileType = sourcecode.c.h; path = CKList.h; sourceTree = "<group>"; };
		40612D3117BA474A00736B1F /* CKList.m */ = {isa = PBXFileReference; fileEncoding = 4; lastKnownFileType = sourcecode.c.objc; path = CKList.m; sourceTree = "<group>"; };
		40612D3417BA662200736B1F /* CKUser.h */ = {isa = PBXFileReference; fileEncoding = 4; lastKnownFileType = sourcecode.c.h; path = CKUser.h; sourceTree = "<group>"; };
		40612D3517BA662200736B1F /* CKUser.m */ = {isa = PBXFileReference; fileEncoding = 4; lastKnownFileType = sourcecode.c.objc; path = CKUser.m; sourceTree = "<group>"; };
		40612D3817BA71F600736B1F /* CKListAssignment.h */ = {isa = PBXFileReference; fileEncoding = 4; lastKnownFileType = sourcecode.c.h; path = CKListAssignment.h; sourceTree = "<group>"; };
		40612D3917BA71F600736B1F /* CKListAssignment.m */ = {isa = PBXFileReference; fileEncoding = 4; lastKnownFileType = sourcecode.c.objc; path = CKListAssignment.m; sourceTree = "<group>"; };
		40A6B52B17C61A7200EF052F /* CKListPickerViewController.h */ = {isa = PBXFileReference; fileEncoding = 4; lastKnownFileType = sourcecode.c.h; path = CKListPickerViewController.h; sourceTree = "<group>"; };
		40A6B52C17C61A7200EF052F /* CKListPickerViewController.m */ = {isa = PBXFileReference; fileEncoding = 4; lastKnownFileType = sourcecode.c.objc; path = CKListPickerViewController.m; sourceTree = "<group>"; };
		40C5A30717AD237100EA140A /* CKInboxPlayViewController.h */ = {isa = PBXFileReference; fileEncoding = 4; lastKnownFileType = sourcecode.c.h; path = CKInboxPlayViewController.h; sourceTree = "<group>"; };
		40C5A30817AD237100EA140A /* CKInboxPlayViewController.m */ = {isa = PBXFileReference; fileEncoding = 4; lastKnownFileType = sourcecode.c.objc; path = CKInboxPlayViewController.m; sourceTree = "<group>"; };
		40C5A30917AD237100EA140A /* CKInboxPlayViewController.xib */ = {isa = PBXFileReference; fileEncoding = 4; lastKnownFileType = file.xib; path = CKInboxPlayViewController.xib; sourceTree = "<group>"; };
		40C5A31317AD5A6800EA140A /* InboxData.xcdatamodel */ = {isa = PBXFileReference; lastKnownFileType = wrapper.xcdatamodel; path = InboxData.xcdatamodel; sourceTree = "<group>"; };
		40C5A32617ADDB1600EA140A /* CKInboxMessageView.h */ = {isa = PBXFileReference; fileEncoding = 4; lastKnownFileType = sourcecode.c.h; path = CKInboxMessageView.h; sourceTree = "<group>"; };
		40C5A32717ADDB1600EA140A /* CKInboxMessageView.m */ = {isa = PBXFileReference; fileEncoding = 4; lastKnownFileType = sourcecode.c.objc; path = CKInboxMessageView.m; sourceTree = "<group>"; };
		40C5A34E17B11F1000EA140A /* RNGridMenu.m */ = {isa = PBXFileReference; fileEncoding = 4; lastKnownFileType = sourcecode.c.objc; path = RNGridMenu.m; sourceTree = "<group>"; };
		40C5A34F17B11F1000EA140A /* RNGridMenu.h */ = {isa = PBXFileReference; fileEncoding = 4; lastKnownFileType = sourcecode.c.h; path = RNGridMenu.h; sourceTree = "<group>"; };
		40C5A35217B11F8100EA140A /* Accelerate.framework */ = {isa = PBXFileReference; lastKnownFileType = wrapper.framework; name = Accelerate.framework; path = System/Library/Frameworks/Accelerate.framework; sourceTree = SDKROOT; };
		40C5A38617B2667400EA140A /* CKTaskViewController.h */ = {isa = PBXFileReference; fileEncoding = 4; lastKnownFileType = sourcecode.c.h; path = CKTaskViewController.h; sourceTree = "<group>"; };
		40C5A38717B2667400EA140A /* CKTaskViewController.m */ = {isa = PBXFileReference; fileEncoding = 4; lastKnownFileType = sourcecode.c.objc; path = CKTaskViewController.m; sourceTree = "<group>"; };
		40C5A38817B2667400EA140A /* CKTaskViewController.xib */ = {isa = PBXFileReference; fileEncoding = 4; lastKnownFileType = file.xib; path = CKTaskViewController.xib; sourceTree = "<group>"; };
		40C5A38B17B279AD00EA140A /* CKTask.h */ = {isa = PBXFileReference; fileEncoding = 4; lastKnownFileType = sourcecode.c.h; path = CKTask.h; sourceTree = "<group>"; };
		40C5A38C17B279AD00EA140A /* CKTask.m */ = {isa = PBXFileReference; fileEncoding = 4; lastKnownFileType = sourcecode.c.objc; path = CKTask.m; sourceTree = "<group>"; };
		40C5A38F17B51D3D00EA140A /* timer-buzzer.caf */ = {isa = PBXFileReference; lastKnownFileType = file; path = "timer-buzzer.caf"; sourceTree = "<group>"; };
		40C5A39117B5203600EA140A /* AVFoundation.framework */ = {isa = PBXFileReference; lastKnownFileType = wrapper.framework; name = AVFoundation.framework; path = System/Library/Frameworks/AVFoundation.framework; sourceTree = SDKROOT; };
		40C5A39A17B5659E00EA140A /* timer-success.caf */ = {isa = PBXFileReference; lastKnownFileType = file; path = "timer-success.caf"; sourceTree = "<group>"; };
		40C5A39C17B57C2F00EA140A /* CKTaskInformViewController.h */ = {isa = PBXFileReference; fileEncoding = 4; lastKnownFileType = sourcecode.c.h; path = CKTaskInformViewController.h; sourceTree = "<group>"; };
		40C5A39D17B57C3000EA140A /* CKTaskInformViewController.m */ = {isa = PBXFileReference; fileEncoding = 4; lastKnownFileType = sourcecode.c.objc; path = CKTaskInformViewController.m; sourceTree = "<group>"; };
		40C5A39E17B57C3000EA140A /* CKTaskInformViewController.xib */ = {isa = PBXFileReference; fileEncoding = 4; lastKnownFileType = file.xib; path = CKTaskInformViewController.xib; sourceTree = "<group>"; };
		40C5A3A117B57E7D00EA140A /* AddressBook.framework */ = {isa = PBXFileReference; lastKnownFileType = wrapper.framework; name = AddressBook.framework; path = System/Library/Frameworks/AddressBook.framework; sourceTree = SDKROOT; };
		40C5A3A217B57E7E00EA140A /* AddressBookUI.framework */ = {isa = PBXFileReference; lastKnownFileType = wrapper.framework; name = AddressBookUI.framework; path = System/Library/Frameworks/AddressBookUI.framework; sourceTree = SDKROOT; };
		40C5A3A617B6516A00EA140A /* THBubbleColor.h */ = {isa = PBXFileReference; fileEncoding = 4; lastKnownFileType = sourcecode.c.h; path = THBubbleColor.h; sourceTree = "<group>"; };
		40C5A3A717B6516A00EA140A /* THBubbleColor.m */ = {isa = PBXFileReference; fileEncoding = 4; lastKnownFileType = sourcecode.c.objc; path = THBubbleColor.m; sourceTree = "<group>"; };
		40C5A3A817B6516A00EA140A /* THContactBubble.h */ = {isa = PBXFileReference; fileEncoding = 4; lastKnownFileType = sourcecode.c.h; path = THContactBubble.h; sourceTree = "<group>"; };
		40C5A3A917B6516A00EA140A /* THContactBubble.m */ = {isa = PBXFileReference; fileEncoding = 4; lastKnownFileType = sourcecode.c.objc; path = THContactBubble.m; sourceTree = "<group>"; };
		40C5A3AA17B6516A00EA140A /* THContactPickerView.h */ = {isa = PBXFileReference; fileEncoding = 4; lastKnownFileType = sourcecode.c.h; path = THContactPickerView.h; sourceTree = "<group>"; };
		40C5A3AB17B6516A00EA140A /* THContactPickerView.m */ = {isa = PBXFileReference; fileEncoding = 4; lastKnownFileType = sourcecode.c.objc; path = THContactPickerView.m; sourceTree = "<group>"; };
		40C5A3BE17B65D7500EA140A /* CKTaskAction.h */ = {isa = PBXFileReference; fileEncoding = 4; lastKnownFileType = sourcecode.c.h; path = CKTaskAction.h; sourceTree = "<group>"; };
		40C5A3BF17B65D7500EA140A /* CKTaskAction.m */ = {isa = PBXFileReference; fileEncoding = 4; lastKnownFileType = sourcecode.c.objc; path = CKTaskAction.m; sourceTree = "<group>"; };
		40C5A3C517B6C1CF00EA140A /* CKTaskNameCell.xib */ = {isa = PBXFileReference; fileEncoding = 4; lastKnownFileType = file.xib; path = CKTaskNameCell.xib; sourceTree = "<group>"; };
		40C5A41A17B7BB6700EA140A /* CKTaskNameCell.h */ = {isa = PBXFileReference; fileEncoding = 4; lastKnownFileType = sourcecode.c.h; path = CKTaskNameCell.h; sourceTree = "<group>"; };
		40C5A41B17B7BB6700EA140A /* CKTaskNameCell.m */ = {isa = PBXFileReference; fileEncoding = 4; lastKnownFileType = sourcecode.c.objc; path = CKTaskNameCell.m; sourceTree = "<group>"; };
		40C5A49717B9263300EA140A /* CKTaskOwnerCell.h */ = {isa = PBXFileReference; fileEncoding = 4; lastKnownFileType = sourcecode.c.h; path = CKTaskOwnerCell.h; sourceTree = "<group>"; };
		40C5A49817B9263300EA140A /* CKTaskOwnerCell.m */ = {isa = PBXFileReference; fileEncoding = 4; lastKnownFileType = sourcecode.c.objc; path = CKTaskOwnerCell.m; sourceTree = "<group>"; };
		40C5A49B17B9264F00EA140A /* CKTaskOwnerCell.xib */ = {isa = PBXFileReference; fileEncoding = 4; lastKnownFileType = file.xib; path = CKTaskOwnerCell.xib; sourceTree = "<group>"; };
		40FE0A8817C4D2FF00D0ABF1 /* CKTaskActionTemplate.h */ = {isa = PBXFileReference; fileEncoding = 4; lastKnownFileType = sourcecode.c.h; path = CKTaskActionTemplate.h; sourceTree = "<group>"; };
		40FE0A8917C4D2FF00D0ABF1 /* CKTaskActionTemplate.m */ = {isa = PBXFileReference; fileEncoding = 4; lastKnownFileType = sourcecode.c.objc; path = CKTaskActionTemplate.m; sourceTree = "<group>"; };
		40FE0A8C17C4D90B00D0ABF1 /* CKTaskActionDoNow.h */ = {isa = PBXFileReference; fileEncoding = 4; lastKnownFileType = sourcecode.c.h; path = CKTaskActionDoNow.h; sourceTree = "<group>"; };
		40FE0A8D17C4D90B00D0ABF1 /* CKTaskActionDoNow.m */ = {isa = PBXFileReference; fileEncoding = 4; lastKnownFileType = sourcecode.c.objc; path = CKTaskActionDoNow.m; sourceTree = "<group>"; };
		40FE0A9817C4DB4D00D0ABF1 /* CKTellArchiveEmail.h */ = {isa = PBXFileReference; fileEncoding = 4; lastKnownFileType = sourcecode.c.h; path = CKTellArchiveEmail.h; sourceTree = "<group>"; };
		40FE0A9917C4DB4D00D0ABF1 /* CKTellArchiveEmail.m */ = {isa = PBXFileReference; fileEncoding = 4; lastKnownFileType = sourcecode.c.objc; path = CKTellArchiveEmail.m; sourceTree = "<group>"; };
		40FE0A9A17C4DB4D00D0ABF1 /* CKTellDeleteEmail.h */ = {isa = PBXFileReference; fileEncoding = 4; lastKnownFileType = sourcecode.c.h; path = CKTellDeleteEmail.h; sourceTree = "<group>"; };
		40FE0A9B17C4DB4D00D0ABF1 /* CKTellDeleteEmail.m */ = {isa = PBXFileReference; fileEncoding = 4; lastKnownFileType = sourcecode.c.objc; path = CKTellDeleteEmail.m; sourceTree = "<group>"; };
		40FE0AA017C4DB8000D0ABF1 /* CKTaskActionDefer.h */ = {isa = PBXFileReference; fileEncoding = 4; lastKnownFileType = sourcecode.c.h; path = CKTaskActionDefer.h; sourceTree = "<group>"; };
		40FE0AA117C4DB8000D0ABF1 /* CKTaskActionDefer.m */ = {isa = PBXFileReference; fileEncoding = 4; lastKnownFileType = sourcecode.c.objc; path = CKTaskActionDefer.m; sourceTree = "<group>"; };
		40FE0AA417C4DB9100D0ABF1 /* CKTaskActionDelegate.h */ = {isa = PBXFileReference; fileEncoding = 4; lastKnownFileType = sourcecode.c.h; path = CKTaskActionDelegate.h; sourceTree = "<group>"; };
		40FE0AA517C4DB9100D0ABF1 /* CKTaskActionDelegate.m */ = {isa = PBXFileReference; fileEncoding = 4; lastKnownFileType = sourcecode.c.objc; path = CKTaskActionDelegate.m; sourceTree = "<group>"; };
		40FE0AA817C4F39F00D0ABF1 /* CKTellDeferTask.h */ = {isa = PBXFileReference; fileEncoding = 4; lastKnownFileType = sourcecode.c.h; path = CKTellDeferTask.h; sourceTree = "<group>"; };
		40FE0AA917C4F39F00D0ABF1 /* CKTellDeferTask.m */ = {isa = PBXFileReference; fileEncoding = 4; lastKnownFileType = sourcecode.c.objc; path = CKTellDeferTask.m; sourceTree = "<group>"; };
		40FE0AAC17C5232500D0ABF1 /* CKTellTemplate.h */ = {isa = PBXFileReference; fileEncoding = 4; lastKnownFileType = sourcecode.c.h; path = CKTellTemplate.h; sourceTree = "<group>"; };
/* End PBXFileReference section */

/* Begin PBXFrameworksBuildPhase section */
		405756D917A3177D00735F69 /* Frameworks */ = {
			isa = PBXFrameworksBuildPhase;
			buildActionMask = 2147483647;
			files = (
				40C5A3A317B57E7F00EA140A /* AddressBook.framework in Frameworks */,
				40C5A3A417B57E7F00EA140A /* AddressBookUI.framework in Frameworks */,
				40C5A39317B520C200EA140A /* AudioToolbox.framework in Frameworks */,
				40C5A39217B5203A00EA140A /* AVFoundation.framework in Frameworks */,
				40C5A35317B11F8200EA140A /* Accelerate.framework in Frameworks */,
				401723F317AC218500F97442 /* CoreData.framework in Frameworks */,
				4057585517A7C61000735F69 /* libMailCore-ios.a in Frameworks */,
				4057573817A3EBAF00735F69 /* SystemConfiguration.framework in Frameworks */,
				4057573617A3EB9B00735F69 /* StoreKit.framework in Frameworks */,
				4057573417A3EB9300735F69 /* Security.framework in Frameworks */,
				4057573217A3EB7E00735F69 /* QuartzCore.framework in Frameworks */,
				4057573017A3EB7700735F69 /* MobileCoreServices.framework in Frameworks */,
				4057572E17A3EB6100735F69 /* libz.1.1.3.dylib in Frameworks */,
				4057572C17A3EB5A00735F69 /* CoreLocation.framework in Frameworks */,
				4057572A17A3EB4100735F69 /* CFNetwork.framework in Frameworks */,
				405756E017A3177D00735F69 /* UIKit.framework in Frameworks */,
				405756E217A3177D00735F69 /* Foundation.framework in Frameworks */,
				405756E417A3177D00735F69 /* CoreGraphics.framework in Frameworks */,
				4057572517A3EA9C00735F69 /* Parse.framework in Frameworks */,
			);
			runOnlyForDeploymentPostprocessing = 0;
		};
		405756FE17A3177D00735F69 /* Frameworks */ = {
			isa = PBXFrameworksBuildPhase;
			buildActionMask = 2147483647;
			files = (
				4057570417A3177D00735F69 /* SenTestingKit.framework in Frameworks */,
				4057570517A3177D00735F69 /* UIKit.framework in Frameworks */,
				4057570617A3177D00735F69 /* Foundation.framework in Frameworks */,
				4057572617A3EA9C00735F69 /* Parse.framework in Frameworks */,
			);
			runOnlyForDeploymentPostprocessing = 0;
		};
/* End PBXFrameworksBuildPhase section */

/* Begin PBXGroup section */
		40351C8B17BBDF7400CDADA5 /* SZTextView */ = {
			isa = PBXGroup;
			children = (
				40351C8C17BBDF7400CDADA5 /* SZTextView.h */,
				40351C8D17BBDF7400CDADA5 /* SZTextView.m */,
			);
			path = SZTextView;
			sourceTree = "<group>";
		};
		4054589C17C382C900DB65FB /* Tell Templates */ = {
			isa = PBXGroup;
			children = (
				40FE0AAC17C5232500D0ABF1 /* CKTellTemplate.h */,
				405458A217C3837E00DB65FB /* CKTellTemplate.m */,
				405458A517C385E400DB65FB /* CKTellDoNow.h */,
				405458A617C385E400DB65FB /* CKTellDoNow.m */,
				40FE0A9817C4DB4D00D0ABF1 /* CKTellArchiveEmail.h */,
				40FE0A9917C4DB4D00D0ABF1 /* CKTellArchiveEmail.m */,
				40FE0A9A17C4DB4D00D0ABF1 /* CKTellDeleteEmail.h */,
				40FE0A9B17C4DB4D00D0ABF1 /* CKTellDeleteEmail.m */,
				40FE0AA817C4F39F00D0ABF1 /* CKTellDeferTask.h */,
				40FE0AA917C4F39F00D0ABF1 /* CKTellDeferTask.m */,
			);
			name = "Tell Templates";
			sourceTree = "<group>";
		};
		405756D317A3177D00735F69 = {
			isa = PBXGroup;
			children = (
				405756E517A3177D00735F69 /* Coordel */,
				4057571D17A3187100735F69 /* External */,
				4057570917A3177D00735F69 /* CoordelTests */,
				405756DE17A3177D00735F69 /* Frameworks */,
				405756DD17A3177D00735F69 /* Products */,
			);
			sourceTree = "<group>";
		};
		405756DD17A3177D00735F69 /* Products */ = {
			isa = PBXGroup;
			children = (
				405756DC17A3177D00735F69 /* Coordel iPhone.app */,
				4057570217A3177D00735F69 /* Coordel iPhoneTests.octest */,
			);
			name = Products;
			sourceTree = "<group>";
		};
		405756DE17A3177D00735F69 /* Frameworks */ = {
			isa = PBXGroup;
			children = (
				40C5A3A117B57E7D00EA140A /* AddressBook.framework */,
				40C5A3A217B57E7E00EA140A /* AddressBookUI.framework */,
				40C5A39117B5203600EA140A /* AVFoundation.framework */,
				40C5A35217B11F8100EA140A /* Accelerate.framework */,
				401723F217AC218500F97442 /* CoreData.framework */,
				4057573717A3EBAF00735F69 /* SystemConfiguration.framework */,
				4057573517A3EB9B00735F69 /* StoreKit.framework */,
				4057573317A3EB9300735F69 /* Security.framework */,
				4057573117A3EB7E00735F69 /* QuartzCore.framework */,
				4057572F17A3EB7700735F69 /* MobileCoreServices.framework */,
				4057572D17A3EB6100735F69 /* libz.1.1.3.dylib */,
				4057572B17A3EB5A00735F69 /* CoreLocation.framework */,
				4057572917A3EB4100735F69 /* CFNetwork.framework */,
				4057572717A3EB3200735F69 /* AudioToolbox.framework */,
				4057572417A3EA9C00735F69 /* Parse.framework */,
				405756DF17A3177D00735F69 /* UIKit.framework */,
				405756E117A3177D00735F69 /* Foundation.framework */,
				405756E317A3177D00735F69 /* CoreGraphics.framework */,
				4057570317A3177D00735F69 /* SenTestingKit.framework */,
			);
			name = Frameworks;
			sourceTree = "<group>";
		};
		405756E517A3177D00735F69 /* Coordel */ = {
			isa = PBXGroup;
			children = (
				4057584117A7C5BA00735F69 /* mailcore2.xcodeproj */,
				405756EE17A3177D00735F69 /* AppDelegate.h */,
				405756EF17A3177D00735F69 /* AppDelegate.m */,
				4057585A17A98C4C00735F69 /* Models */,
				4057571A17A3183F00735F69 /* Views */,
				4057571B17A3184800735F69 /* Controllers */,
				4057571C17A3185A00735F69 /* Resources */,
				405756E617A3177D00735F69 /* Supporting Files */,
				4057580517A50A1D00735F69 /* LocalizedConstants.m */,
				4057580717A50A3900735F69 /* Constants.h */,
				4057580817A50A3A00735F69 /* Constants.m */,
				4018C5B217C01DA800C614B6 /* CKUtility.h */,
				4018C5B317C01DA800C614B6 /* CKUtility.m */,
			);
			path = Coordel;
			sourceTree = "<group>";
		};
		405756E617A3177D00735F69 /* Supporting Files */ = {
			isa = PBXGroup;
			children = (
				4057580017A5058A00735F69 /* en.lproj */,
				405756E717A3177D00735F69 /* Coordel iPhone-Info.plist */,
				405756EB17A3177D00735F69 /* main.m */,
				405756ED17A3177D00735F69 /* Coordel iPhone-Prefix.pch */,
			);
			name = "Supporting Files";
			sourceTree = "<group>";
		};
		4057570917A3177D00735F69 /* CoordelTests */ = {
			isa = PBXGroup;
			children = (
				4057570F17A3177D00735F69 /* CoordelTests.h */,
				4057571017A3177D00735F69 /* CoordelTests.m */,
				4057570A17A3177D00735F69 /* Supporting Files */,
			);
			path = CoordelTests;
			sourceTree = "<group>";
		};
		4057570A17A3177D00735F69 /* Supporting Files */ = {
			isa = PBXGroup;
			children = (
				4057570B17A3177D00735F69 /* Coordel iPhoneTests-Info.plist */,
				4057570C17A3177D00735F69 /* InfoPlist.strings */,
			);
			name = "Supporting Files";
			sourceTree = "<group>";
		};
		4057571A17A3183F00735F69 /* Views */ = {
			isa = PBXGroup;
			children = (
				40C5A3C217B6C16200EA140A /* Task */,
				40C5A31B17AD602000EA140A /* Inbox */,
			);
			name = Views;
			sourceTree = "<group>";
		};
		4057571B17A3184800735F69 /* Controllers */ = {
			isa = PBXGroup;
			children = (
				40A6B52617C5322800EF052F /* New Group */,
				4057586817A9B83600735F69 /* Access */,
				4057573917A3F0CE00735F69 /* Reveal */,
				405757D417A47A0000735F69 /* Lists */,
				405757D517A47A0C00735F69 /* Tasks */,
				405757D617A47A1200735F69 /* Inbox */,
				405757D717A47A2300735F69 /* Settings */,
			);
			name = Controllers;
			sourceTree = "<group>";
		};
		4057571C17A3185A00735F69 /* Resources */ = {
			isa = PBXGroup;
			children = (
				40C5A38E17B51D2A00EA140A /* Sounds */,
				40612D2E17BA38E200736B1F /* Media.xcassets */,
			);
			name = Resources;
			sourceTree = "<group>";
		};
		4057571D17A3187100735F69 /* External */ = {
			isa = PBXGroup;
			children = (
				40351C8B17BBDF7400CDADA5 /* SZTextView */,
				40C5A3A517B6513E00EA140A /* THContactPicker */,
				40C5A34D17B11EED00EA140A /* RNGridMenu */,
				4057571F17A3E91C00735F69 /* SWRevealViewController */,
			);
			name = External;
			sourceTree = "<group>";
		};
		4057571F17A3E91C00735F69 /* SWRevealViewController */ = {
			isa = PBXGroup;
			children = (
				4057572017A3E91C00735F69 /* SWRevealViewController.h */,
				4057572117A3E91C00735F69 /* SWRevealViewController.m */,
			);
			path = SWRevealViewController;
			sourceTree = "<group>";
		};
		4057573917A3F0CE00735F69 /* Reveal */ = {
			isa = PBXGroup;
			children = (
				4057573E17A3F26F00735F69 /* CKRevealViewController.h */,
				4057573F17A3F26F00735F69 /* CKRevealViewController.m */,
			);
			name = Reveal;
			sourceTree = "<group>";
		};
		405757D417A47A0000735F69 /* Lists */ = {
			isa = PBXGroup;
			children = (
				405757F017A480A400735F69 /* CKListsSegmentViewController.h */,
				405757F117A480A400735F69 /* CKListsSegmentViewController.m */,
				40351C8317BBA90700CDADA5 /* CKListViewController.h */,
				40351C8417BBA90700CDADA5 /* CKListViewController.m */,
				40351C8517BBA90700CDADA5 /* CKListViewController.xib */,
				40A6B52B17C61A7200EF052F /* CKListPickerViewController.h */,
				40A6B52C17C61A7200EF052F /* CKListPickerViewController.m */,
			);
			name = Lists;
			sourceTree = "<group>";
		};
		405757D517A47A0C00735F69 /* Tasks */ = {
			isa = PBXGroup;
			children = (
				405757F417A480C300735F69 /* CKTasksSegmentViewController.h */,
				405757F517A480C300735F69 /* CKTasksSegmentViewController.m */,
				40C5A38617B2667400EA140A /* CKTaskViewController.h */,
				40C5A38717B2667400EA140A /* CKTaskViewController.m */,
				40C5A38817B2667400EA140A /* CKTaskViewController.xib */,
				40C5A39C17B57C2F00EA140A /* CKTaskInformViewController.h */,
				40C5A39D17B57C3000EA140A /* CKTaskInformViewController.m */,
				40C5A39E17B57C3000EA140A /* CKTaskInformViewController.xib */,
			);
			name = Tasks;
			sourceTree = "<group>";
		};
		405757D617A47A1200735F69 /* Inbox */ = {
			isa = PBXGroup;
			children = (
				405757F817A480DC00735F69 /* CKInboxViewController.h */,
				405757F917A480DC00735F69 /* CKInboxViewController.m */,
				4057580F17A6DD9100735F69 /* CKInboxViewController.xib */,
				40C5A30717AD237100EA140A /* CKInboxPlayViewController.h */,
				40C5A30817AD237100EA140A /* CKInboxPlayViewController.m */,
				40C5A30917AD237100EA140A /* CKInboxPlayViewController.xib */,
				4035F1D117BFAF4800FF522B /* CKInboxDoNowViewController.h */,
				4035F1D217BFAF4800FF522B /* CKInboxDoNowViewController.m */,
				4035F1D317BFAF4800FF522B /* CKInboxDoNowViewController.xib */,
			);
			name = Inbox;
			sourceTree = "<group>";
		};
		405757D717A47A2300735F69 /* Settings */ = {
			isa = PBXGroup;
			children = (
				405757FC17A480F700735F69 /* CKSettingsViewController.h */,
				405757FD17A480F700735F69 /* CKSettingsViewController.m */,
			);
			name = Settings;
			sourceTree = "<group>";
		};
		4057580017A5058A00735F69 /* en.lproj */ = {
			isa = PBXGroup;
			children = (
				4057580117A5058A00735F69 /* InfoPlist.strings */,
			);
			path = en.lproj;
			sourceTree = "<group>";
		};
		4057584217A7C5BA00735F69 /* Products */ = {
			isa = PBXGroup;
			children = (
				4057584A17A7C5BB00735F69 /* libMailCore.a */,
				4057584C17A7C5BB00735F69 /* libMailCore-ios.a */,
				4057584E17A7C5BB00735F69 /* tests */,
				4057585017A7C5BB00735F69 /* test-ios.app */,
				4057585217A7C5BB00735F69 /* MailCore.framework */,
			);
			name = Products;
			sourceTree = "<group>";
		};
		4057585A17A98C4C00735F69 /* Models */ = {
			isa = PBXGroup;
			children = (
				40FE0A8317C4CEB100D0ABF1 /* Action Templates */,
				4054589C17C382C900DB65FB /* Tell Templates */,
				4057586317A9995500735F69 /* Inbox */,
				40C5A31217AD5A6800EA140A /* InboxData.xcdatamodeld */,
				40C5A38B17B279AD00EA140A /* CKTask.h */,
				40C5A38C17B279AD00EA140A /* CKTask.m */,
				40C5A3BE17B65D7500EA140A /* CKTaskAction.h */,
				40C5A3BF17B65D7500EA140A /* CKTaskAction.m */,
				40612D3017BA474A00736B1F /* CKList.h */,
				40612D3117BA474A00736B1F /* CKList.m */,
				40612D3417BA662200736B1F /* CKUser.h */,
				40612D3517BA662200736B1F /* CKUser.m */,
				40612D3817BA71F600736B1F /* CKListAssignment.h */,
				40612D3917BA71F600736B1F /* CKListAssignment.m */,
			);
			name = Models;
			sourceTree = "<group>";
		};
		4057586317A9995500735F69 /* Inbox */ = {
			isa = PBXGroup;
			children = (
				4057585F17A98E1500735F69 /* CKEmailAccount.h */,
				4057586017A98E1500735F69 /* CKEmailAccount.m */,
				4017239617ABE20800F97442 /* CKInbox.h */,
				4017239717ABE20800F97442 /* CKInbox.m */,
			);
			name = Inbox;
			sourceTree = "<group>";
		};
		4057586817A9B83600735F69 /* Access */ = {
			isa = PBXGroup;
			children = (
				4057589217AA735C00735F69 /* CKAccessViewController.h */,
				4057589317AA735C00735F69 /* CKAccessViewController.m */,
				4057586E17A9BFC700735F69 /* CKWelcomeViewController.h */,
				4057586F17A9BFC700735F69 /* CKWelcomeViewController.m */,
				4057587017A9BFC700735F69 /* CKWelcomeViewController.xib */,
				4057588117A9DD8C00735F69 /* CKWelcomeChildViewController.h */,
				4057588217A9DD8C00735F69 /* CKWelcomeChildViewController.m */,
				4057588317A9DD8D00735F69 /* CKWelcomeChildViewController.xib */,
				4057588F17AA723B00735F69 /* CKLoginViewController.h */,
				4057589017AA723B00735F69 /* CKLoginViewController.m */,
				4057589917AAB4A500735F69 /* CKSignupViewController.h */,
				4057589A17AAB4A700735F69 /* CKSignupViewController.m */,
			);
			name = Access;
			sourceTree = "<group>";
		};
		40A6B52617C5322800EF052F /* New Group */ = {
			isa = PBXGroup;
			children = (
			);
			name = "New Group";
			sourceTree = "<group>";
		};
		40C5A31B17AD602000EA140A /* Inbox */ = {
			isa = PBXGroup;
			children = (
				40C5A32617ADDB1600EA140A /* CKInboxMessageView.h */,
				40C5A32717ADDB1600EA140A /* CKInboxMessageView.m */,
			);
			name = Inbox;
			sourceTree = "<group>";
		};
		40C5A34D17B11EED00EA140A /* RNGridMenu */ = {
			isa = PBXGroup;
			children = (
				40C5A34E17B11F1000EA140A /* RNGridMenu.m */,
				40C5A34F17B11F1000EA140A /* RNGridMenu.h */,
			);
			name = RNGridMenu;
			sourceTree = "<group>";
		};
		40C5A38E17B51D2A00EA140A /* Sounds */ = {
			isa = PBXGroup;
			children = (
				40C5A39A17B5659E00EA140A /* timer-success.caf */,
				40C5A38F17B51D3D00EA140A /* timer-buzzer.caf */,
			);
			name = Sounds;
			sourceTree = "<group>";
		};
		40C5A3A517B6513E00EA140A /* THContactPicker */ = {
			isa = PBXGroup;
			children = (
				40C5A3A617B6516A00EA140A /* THBubbleColor.h */,
				40C5A3A717B6516A00EA140A /* THBubbleColor.m */,
				40C5A3A817B6516A00EA140A /* THContactBubble.h */,
				40C5A3A917B6516A00EA140A /* THContactBubble.m */,
				40C5A3AA17B6516A00EA140A /* THContactPickerView.h */,
				40C5A3AB17B6516A00EA140A /* THContactPickerView.m */,
			);
			name = THContactPicker;
			sourceTree = "<group>";
		};
		40C5A3C217B6C16200EA140A /* Task */ = {
			isa = PBXGroup;
			children = (
				40C5A3C317B6C17200EA140A /* TableCells */,
			);
			name = Task;
			sourceTree = "<group>";
		};
		40C5A3C317B6C17200EA140A /* TableCells */ = {
			isa = PBXGroup;
			children = (
				4035F1D817BFB1DD00FF522B /* CKEditNameCell.h */,
				4035F1D917BFB1DD00FF522B /* CKEditNameCell.m */,
				4035F1E417BFBFD700FF522B /* CKEditPurposeCell.h */,
				4035F1E517BFBFD700FF522B /* CKEditPurposeCell.m */,
				40C5A3C417B6C1AC00EA140A /* TaskDetails */,
			);
			name = TableCells;
			sourceTree = "<group>";
		};
		40C5A3C417B6C1AC00EA140A /* TaskDetails */ = {
			isa = PBXGroup;
			children = (
				40C5A41A17B7BB6700EA140A /* CKTaskNameCell.h */,
				40C5A41B17B7BB6700EA140A /* CKTaskNameCell.m */,
				40C5A3C517B6C1CF00EA140A /* CKTaskNameCell.xib */,
				40C5A49717B9263300EA140A /* CKTaskOwnerCell.h */,
				40C5A49817B9263300EA140A /* CKTaskOwnerCell.m */,
				40C5A49B17B9264F00EA140A /* CKTaskOwnerCell.xib */,
			);
			name = TaskDetails;
			sourceTree = "<group>";
		};
		40FE0A8317C4CEB100D0ABF1 /* Action Templates */ = {
			isa = PBXGroup;
			children = (
				40FE0A8817C4D2FF00D0ABF1 /* CKTaskActionTemplate.h */,
				40FE0A8917C4D2FF00D0ABF1 /* CKTaskActionTemplate.m */,
				40FE0A8C17C4D90B00D0ABF1 /* CKTaskActionDoNow.h */,
				40FE0A8D17C4D90B00D0ABF1 /* CKTaskActionDoNow.m */,
				40FE0AA017C4DB8000D0ABF1 /* CKTaskActionDefer.h */,
				40FE0AA117C4DB8000D0ABF1 /* CKTaskActionDefer.m */,
				40FE0AA417C4DB9100D0ABF1 /* CKTaskActionDelegate.h */,
				40FE0AA517C4DB9100D0ABF1 /* CKTaskActionDelegate.m */,
			);
			name = "Action Templates";
			sourceTree = "<group>";
		};
/* End PBXGroup section */

/* Begin PBXNativeTarget section */
		405756DB17A3177D00735F69 /* Coordel iPhone */ = {
			isa = PBXNativeTarget;
			buildConfigurationList = 4057571417A3177D00735F69 /* Build configuration list for PBXNativeTarget "Coordel iPhone" */;
			buildPhases = (
				405756D817A3177D00735F69 /* Sources */,
				405756D917A3177D00735F69 /* Frameworks */,
				405756DA17A3177D00735F69 /* Resources */,
			);
			buildRules = (
			);
			dependencies = (
				4057585417A7C5CA00735F69 /* PBXTargetDependency */,
			);
			name = "Coordel iPhone";
			productName = Coordel;
			productReference = 405756DC17A3177D00735F69 /* Coordel iPhone.app */;
			productType = "com.apple.product-type.application";
		};
		4057570117A3177D00735F69 /* Coordel iPhoneTests */ = {
			isa = PBXNativeTarget;
			buildConfigurationList = 4057571717A3177D00735F69 /* Build configuration list for PBXNativeTarget "Coordel iPhoneTests" */;
			buildPhases = (
				405756FD17A3177D00735F69 /* Sources */,
				405756FE17A3177D00735F69 /* Frameworks */,
				405756FF17A3177D00735F69 /* Resources */,
				4057570017A3177D00735F69 /* ShellScript */,
			);
			buildRules = (
			);
			dependencies = (
				4057570817A3177D00735F69 /* PBXTargetDependency */,
			);
			name = "Coordel iPhoneTests";
			productName = CoordelTests;
			productReference = 4057570217A3177D00735F69 /* Coordel iPhoneTests.octest */;
			productType = "com.apple.product-type.bundle";
		};
/* End PBXNativeTarget section */

/* Begin PBXProject section */
		405756D417A3177D00735F69 /* Project object */ = {
			isa = PBXProject;
			attributes = {
				LastUpgradeCheck = 0460;
				ORGANIZATIONNAME = "Jeffry Gorder";
				TargetAttributes = {
					405756DB17A3177D00735F69 = {
						DevelopmentTeam = RVX68E9PDZ;
					};
				};
			};
			buildConfigurationList = 405756D717A3177D00735F69 /* Build configuration list for PBXProject "Coordel iPhone" */;
			compatibilityVersion = "Xcode 3.2";
			developmentRegion = English;
			hasScannedForEncodings = 0;
			knownRegions = (
				en,
			);
			mainGroup = 405756D317A3177D00735F69;
			productRefGroup = 405756DD17A3177D00735F69 /* Products */;
			projectDirPath = "";
			projectReferences = (
				{
					ProductGroup = 4057584217A7C5BA00735F69 /* Products */;
					ProjectRef = 4057584117A7C5BA00735F69 /* mailcore2.xcodeproj */;
				},
			);
			projectRoot = "";
			targets = (
				405756DB17A3177D00735F69 /* Coordel iPhone */,
				4057570117A3177D00735F69 /* Coordel iPhoneTests */,
			);
		};
/* End PBXProject section */

/* Begin PBXReferenceProxy section */
		4057584A17A7C5BB00735F69 /* libMailCore.a */ = {
			isa = PBXReferenceProxy;
			fileType = archive.ar;
			path = libMailCore.a;
			remoteRef = 4057584917A7C5BB00735F69 /* PBXContainerItemProxy */;
			sourceTree = BUILT_PRODUCTS_DIR;
		};
		4057584C17A7C5BB00735F69 /* libMailCore-ios.a */ = {
			isa = PBXReferenceProxy;
			fileType = archive.ar;
			path = "libMailCore-ios.a";
			remoteRef = 4057584B17A7C5BB00735F69 /* PBXContainerItemProxy */;
			sourceTree = BUILT_PRODUCTS_DIR;
		};
		4057584E17A7C5BB00735F69 /* tests */ = {
			isa = PBXReferenceProxy;
			fileType = "compiled.mach-o.executable";
			path = tests;
			remoteRef = 4057584D17A7C5BB00735F69 /* PBXContainerItemProxy */;
			sourceTree = BUILT_PRODUCTS_DIR;
		};
		4057585017A7C5BB00735F69 /* test-ios.app */ = {
			isa = PBXReferenceProxy;
			fileType = wrapper.application;
			path = "test-ios.app";
			remoteRef = 4057584F17A7C5BB00735F69 /* PBXContainerItemProxy */;
			sourceTree = BUILT_PRODUCTS_DIR;
		};
		4057585217A7C5BB00735F69 /* MailCore.framework */ = {
			isa = PBXReferenceProxy;
			fileType = wrapper.framework;
			path = MailCore.framework;
			remoteRef = 4057585117A7C5BB00735F69 /* PBXContainerItemProxy */;
			sourceTree = BUILT_PRODUCTS_DIR;
		};
/* End PBXReferenceProxy section */

/* Begin PBXResourcesBuildPhase section */
		405756DA17A3177D00735F69 /* Resources */ = {
			isa = PBXResourcesBuildPhase;
			buildActionMask = 2147483647;
			files = (
				4057580317A5058A00735F69 /* InfoPlist.strings in Resources */,
				4035F1D617BFAF4800FF522B /* CKInboxDoNowViewController.xib in Resources */,
				4057581017A6DD9200735F69 /* CKInboxViewController.xib in Resources */,
				4057587217A9BFC700735F69 /* CKWelcomeViewController.xib in Resources */,
				40351C8817BBA90700CDADA5 /* CKListViewController.xib in Resources */,
				4057588517A9DD8E00735F69 /* CKWelcomeChildViewController.xib in Resources */,
				40C5A30B17AD237100EA140A /* CKInboxPlayViewController.xib in Resources */,
				40612D2F17BA38E200736B1F /* Media.xcassets in Resources */,
				40C5A38A17B2667400EA140A /* CKTaskViewController.xib in Resources */,
				40C5A39017B51D3D00EA140A /* timer-buzzer.caf in Resources */,
				40C5A39B17B5659E00EA140A /* timer-success.caf in Resources */,
				40C5A3A017B57C3100EA140A /* CKTaskInformViewController.xib in Resources */,
				40C5A3C617B6C1CF00EA140A /* CKTaskNameCell.xib in Resources */,
				40C5A49C17B9265000EA140A /* CKTaskOwnerCell.xib in Resources */,
			);
			runOnlyForDeploymentPostprocessing = 0;
		};
		405756FF17A3177D00735F69 /* Resources */ = {
			isa = PBXResourcesBuildPhase;
			buildActionMask = 2147483647;
			files = (
				4035F1D717BFAF4800FF522B /* CKInboxDoNowViewController.xib in Resources */,
				4057570E17A3177D00735F69 /* InfoPlist.strings in Resources */,
				40C5A3C717B6C1CF00EA140A /* CKTaskNameCell.xib in Resources */,
				40351C8917BBA90700CDADA5 /* CKListViewController.xib in Resources */,
				40C5A49D17B9265000EA140A /* CKTaskOwnerCell.xib in Resources */,
			);
			runOnlyForDeploymentPostprocessing = 0;
		};
/* End PBXResourcesBuildPhase section */

/* Begin PBXShellScriptBuildPhase section */
		4057570017A3177D00735F69 /* ShellScript */ = {
			isa = PBXShellScriptBuildPhase;
			buildActionMask = 2147483647;
			files = (
			);
			inputPaths = (
			);
			outputPaths = (
			);
			runOnlyForDeploymentPostprocessing = 0;
			shellPath = /bin/sh;
			shellScript = "# Run the unit tests in this test bundle.\n\"${SYSTEM_DEVELOPER_DIR}/Tools/RunUnitTests\"\n";
		};
/* End PBXShellScriptBuildPhase section */

/* Begin PBXSourcesBuildPhase section */
		405756D817A3177D00735F69 /* Sources */ = {
			isa = PBXSourcesBuildPhase;
			buildActionMask = 2147483647;
			files = (
				405756EC17A3177D00735F69 /* main.m in Sources */,
				40FE0AA217C4DB8000D0ABF1 /* CKTaskActionDefer.m in Sources */,
				405756F017A3177D00735F69 /* AppDelegate.m in Sources */,
				4057572217A3E91C00735F69 /* SWRevealViewController.m in Sources */,
				4035F1D417BFAF4800FF522B /* CKInboxDoNowViewController.m in Sources */,
				40A6B52D17C61A7200EF052F /* CKListPickerViewController.m in Sources */,
				4057574017A3F26F00735F69 /* CKRevealViewController.m in Sources */,
				405757F217A480A400735F69 /* CKListsSegmentViewController.m in Sources */,
				405757F617A480C300735F69 /* CKTasksSegmentViewController.m in Sources */,
				405757FA17A480DC00735F69 /* CKInboxViewController.m in Sources */,
				405757FE17A480F700735F69 /* CKSettingsViewController.m in Sources */,
				4057580617A50A1D00735F69 /* LocalizedConstants.m in Sources */,
				40612D3217BA474A00736B1F /* CKList.m in Sources */,
				4057580917A50A3A00735F69 /* Constants.m in Sources */,
				40FE0A8A17C4D2FF00D0ABF1 /* CKTaskActionTemplate.m in Sources */,
				4057586117A98E1500735F69 /* CKEmailAccount.m in Sources */,
				4057587117A9BFC700735F69 /* CKWelcomeViewController.m in Sources */,
				4018C5B417C01DA800C614B6 /* CKUtility.m in Sources */,
				4057588417A9DD8D00735F69 /* CKWelcomeChildViewController.m in Sources */,
				4057589117AA723B00735F69 /* CKLoginViewController.m in Sources */,
				40351C8E17BBDF7400CDADA5 /* SZTextView.m in Sources */,
				4057589417AA735E00735F69 /* CKAccessViewController.m in Sources */,
				4035F1E617BFBFD700FF522B /* CKEditPurposeCell.m in Sources */,
				4035F1DA17BFB1DD00FF522B /* CKEditNameCell.m in Sources */,
				405458A717C385E400DB65FB /* CKTellDoNow.m in Sources */,
				4057589B17AAB4A900735F69 /* CKSignupViewController.m in Sources */,
				4017239817ABE20800F97442 /* CKInbox.m in Sources */,
				40C5A30A17AD237100EA140A /* CKInboxPlayViewController.m in Sources */,
				40FE0A9E17C4DB4D00D0ABF1 /* CKTellDeleteEmail.m in Sources */,
				40C5A31417AD5A6800EA140A /* InboxData.xcdatamodeld in Sources */,
				40FE0AA617C4DB9100D0ABF1 /* CKTaskActionDelegate.m in Sources */,
				40C5A32817ADDB1600EA140A /* CKInboxMessageView.m in Sources */,
				40612D3617BA662200736B1F /* CKUser.m in Sources */,
				40FE0A9C17C4DB4D00D0ABF1 /* CKTellArchiveEmail.m in Sources */,
				40C5A35017B11F1000EA140A /* RNGridMenu.m in Sources */,
				40FE0A8E17C4D90B00D0ABF1 /* CKTaskActionDoNow.m in Sources */,
				40612D3A17BA71F600736B1F /* CKListAssignment.m in Sources */,
				40FE0AAA17C4F39F00D0ABF1 /* CKTellDeferTask.m in Sources */,
				40C5A38917B2667400EA140A /* CKTaskViewController.m in Sources */,
				405458A317C3837E00DB65FB /* CKTellTemplate.m in Sources */,
				40C5A38D17B279AD00EA140A /* CKTask.m in Sources */,
				40C5A39F17B57C3100EA140A /* CKTaskInformViewController.m in Sources */,
				40C5A3AC17B6516A00EA140A /* THBubbleColor.m in Sources */,
				40C5A3AE17B6516A00EA140A /* THContactBubble.m in Sources */,
				40C5A3B017B6516A00EA140A /* THContactPickerView.m in Sources */,
				40C5A3C017B65D7500EA140A /* CKTaskAction.m in Sources */,
				40C5A41C17B7BB6700EA140A /* CKTaskNameCell.m in Sources */,
				40351C8617BBA90700CDADA5 /* CKListViewController.m in Sources */,
				40C5A49917B9263400EA140A /* CKTaskOwnerCell.m in Sources */,
			);
			runOnlyForDeploymentPostprocessing = 0;
		};
		405756FD17A3177D00735F69 /* Sources */ = {
			isa = PBXSourcesBuildPhase;
			buildActionMask = 2147483647;
			files = (
				4035F1E717BFBFD700FF522B /* CKEditPurposeCell.m in Sources */,
				40612D3B17BA71F600736B1F /* CKListAssignment.m in Sources */,
				4057571117A3177D00735F69 /* CoordelTests.m in Sources */,
				4057572317A3E91C00735F69 /* SWRevealViewController.m in Sources */,
				4057574117A3F26F00735F69 /* CKRevealViewController.m in Sources */,
				40A6B52E17C61A7200EF052F /* CKListPickerViewController.m in Sources */,
				405757F317A480A400735F69 /* CKListsSegmentViewController.m in Sources */,
				405757F717A480C300735F69 /* CKTasksSegmentViewController.m in Sources */,
				405757FB17A480DC00735F69 /* CKInboxViewController.m in Sources */,
				40FE0A8B17C4D2FF00D0ABF1 /* CKTaskActionTemplate.m in Sources */,
				405458A417C3837E00DB65FB /* CKTellTemplate.m in Sources */,
				40612D3317BA474A00736B1F /* CKList.m in Sources */,
				405757FF17A480F700735F69 /* CKSettingsViewController.m in Sources */,
				40612D3717BA662200736B1F /* CKUser.m in Sources */,
				4057586217A98E1500735F69 /* CKEmailAccount.m in Sources */,
				4035F1DB17BFB1DD00FF522B /* CKEditNameCell.m in Sources */,
				405458A817C385E400DB65FB /* CKTellDoNow.m in Sources */,
				4017239917ABE20800F97442 /* CKInbox.m in Sources */,
				40C5A35117B11F1000EA140A /* RNGridMenu.m in Sources */,
				40C5A3AD17B6516A00EA140A /* THBubbleColor.m in Sources */,
				40FE0AA317C4DB8000D0ABF1 /* CKTaskActionDefer.m in Sources */,
				40C5A3AF17B6516A00EA140A /* THContactBubble.m in Sources */,
				4035F1D517BFAF4800FF522B /* CKInboxDoNowViewController.m in Sources */,
				40FE0AAB17C4F39F00D0ABF1 /* CKTellDeferTask.m in Sources */,
				40351C8F17BBDF7400CDADA5 /* SZTextView.m in Sources */,
				40C5A3B117B6516A00EA140A /* THContactPickerView.m in Sources */,
				40FE0A9F17C4DB4D00D0ABF1 /* CKTellDeleteEmail.m in Sources */,
				40FE0A9D17C4DB4D00D0ABF1 /* CKTellArchiveEmail.m in Sources */,
				40C5A3C117B65D7500EA140A /* CKTaskAction.m in Sources */,
				40C5A41D17B7BB6700EA140A /* CKTaskNameCell.m in Sources */,
				40351C8717BBA90700CDADA5 /* CKListViewController.m in Sources */,
				40FE0AA717C4DB9100D0ABF1 /* CKTaskActionDelegate.m in Sources */,
				4018C5B517C01DA800C614B6 /* CKUtility.m in Sources */,
				40C5A49A17B9263400EA140A /* CKTaskOwnerCell.m in Sources */,
				40FE0A8F17C4D90B00D0ABF1 /* CKTaskActionDoNow.m in Sources */,
			);
			runOnlyForDeploymentPostprocessing = 0;
		};
/* End PBXSourcesBuildPhase section */

/* Begin PBXTargetDependency section */
		4057570817A3177D00735F69 /* PBXTargetDependency */ = {
			isa = PBXTargetDependency;
			target = 405756DB17A3177D00735F69 /* Coordel iPhone */;
			targetProxy = 4057570717A3177D00735F69 /* PBXContainerItemProxy */;
		};
		4057585417A7C5CA00735F69 /* PBXTargetDependency */ = {
			isa = PBXTargetDependency;
			name = "static mailcore2 ios";
			targetProxy = 4057585317A7C5CA00735F69 /* PBXContainerItemProxy */;
		};
/* End PBXTargetDependency section */

/* Begin PBXVariantGroup section */
		4057570C17A3177D00735F69 /* InfoPlist.strings */ = {
			isa = PBXVariantGroup;
			children = (
				4057570D17A3177D00735F69 /* en */,
			);
			name = InfoPlist.strings;
			sourceTree = "<group>";
		};
		4057580117A5058A00735F69 /* InfoPlist.strings */ = {
			isa = PBXVariantGroup;
			children = (
				4057580217A5058A00735F69 /* en */,
			);
			name = InfoPlist.strings;
			sourceTree = "<group>";
		};
/* End PBXVariantGroup section */

/* Begin XCBuildConfiguration section */
		4057571217A3177D00735F69 /* Debug */ = {
			isa = XCBuildConfiguration;
			buildSettings = {
				ALWAYS_SEARCH_USER_PATHS = NO;
				CLANG_CXX_LANGUAGE_STANDARD = "gnu++0x";
				CLANG_CXX_LIBRARY = "libc++";
				CLANG_ENABLE_OBJC_ARC = YES;
				CLANG_WARN_CONSTANT_CONVERSION = YES;
				CLANG_WARN_EMPTY_BODY = YES;
				CLANG_WARN_ENUM_CONVERSION = YES;
				CLANG_WARN_INT_CONVERSION = YES;
				CLANG_WARN__DUPLICATE_METHOD_MATCH = YES;
				"CODE_SIGN_IDENTITY[sdk=iphoneos*]" = "iPhone Developer";
				COPY_PHASE_STRIP = NO;
				GCC_C_LANGUAGE_STANDARD = gnu99;
				GCC_DYNAMIC_NO_PIC = NO;
				GCC_OPTIMIZATION_LEVEL = 0;
				GCC_PREPROCESSOR_DEFINITIONS = (
					"DEBUG=1",
					"$(inherited)",
				);
				GCC_SYMBOLS_PRIVATE_EXTERN = NO;
				GCC_WARN_ABOUT_RETURN_TYPE = YES;
				GCC_WARN_UNINITIALIZED_AUTOS = YES;
				GCC_WARN_UNUSED_VARIABLE = YES;
				IPHONEOS_DEPLOYMENT_TARGET = 6.1;
				ONLY_ACTIVE_ARCH = YES;
				SDKROOT = iphoneos;
			};
			name = Debug;
		};
		4057571317A3177D00735F69 /* Release */ = {
			isa = XCBuildConfiguration;
			buildSettings = {
				ALWAYS_SEARCH_USER_PATHS = NO;
				CLANG_CXX_LANGUAGE_STANDARD = "gnu++0x";
				CLANG_CXX_LIBRARY = "libc++";
				CLANG_ENABLE_OBJC_ARC = YES;
				CLANG_WARN_CONSTANT_CONVERSION = YES;
				CLANG_WARN_EMPTY_BODY = YES;
				CLANG_WARN_ENUM_CONVERSION = YES;
				CLANG_WARN_INT_CONVERSION = YES;
				CLANG_WARN__DUPLICATE_METHOD_MATCH = YES;
				"CODE_SIGN_IDENTITY[sdk=iphoneos*]" = "iPhone Developer";
				COPY_PHASE_STRIP = YES;
				GCC_C_LANGUAGE_STANDARD = gnu99;
				GCC_WARN_ABOUT_RETURN_TYPE = YES;
				GCC_WARN_UNINITIALIZED_AUTOS = YES;
				GCC_WARN_UNUSED_VARIABLE = YES;
				IPHONEOS_DEPLOYMENT_TARGET = 6.1;
				OTHER_CFLAGS = "-DNS_BLOCK_ASSERTIONS=1";
				SDKROOT = iphoneos;
				VALIDATE_PRODUCT = YES;
			};
			name = Release;
		};
		4057571517A3177D00735F69 /* Debug */ = {
			isa = XCBuildConfiguration;
			buildSettings = {
				CLANG_CXX_LIBRARY = "libstdc++";
				CODE_SIGN_IDENTITY = "iPhone Developer";
				"CODE_SIGN_IDENTITY[sdk=iphoneos*]" = "iPhone Developer";
				FRAMEWORK_SEARCH_PATHS = (
					"$(inherited)",
					"\"$(SRCROOT)\"",
				);
				GCC_PRECOMPILE_PREFIX_HEADER = YES;
				GCC_PREFIX_HEADER = "Coordel/Coordel iPhone-Prefix.pch";
				INFOPLIST_FILE = "Coordel/Coordel iPhone-Info.plist";
				IPHONEOS_DEPLOYMENT_TARGET = 7.0;
				OTHER_LDFLAGS = (
					"-lctemplate-ios",
					"-letpan-ios",
					"-licudata",
					"-licui18n",
					"-licuuc",
					"-lxml2",
					"-lsasl2",
					"-liconv",
					"-ltidy",
					"-lz",
					"-lstdc++",
					"-stdlib=libstdc++",
					"-force_load",
					"$(BUILT_PRODUCTS_DIR)/libMailCore-ios.a",
				);
				PRODUCT_NAME = "Coordel iPhone";
				PROVISIONING_PROFILE = "";
				WRAPPER_EXTENSION = app;
			};
			name = Debug;
		};
		4057571617A3177D00735F69 /* Release */ = {
			isa = XCBuildConfiguration;
			buildSettings = {
				CLANG_CXX_LIBRARY = "libstdc++";
				CODE_SIGN_IDENTITY = "iPhone Developer";
				"CODE_SIGN_IDENTITY[sdk=iphoneos*]" = "iPhone Developer";
				FRAMEWORK_SEARCH_PATHS = (
					"$(inherited)",
					"\"$(SRCROOT)\"",
				);
				GCC_PRECOMPILE_PREFIX_HEADER = YES;
				GCC_PREFIX_HEADER = "Coordel/Coordel iPhone-Prefix.pch";
				INFOPLIST_FILE = "Coordel/Coordel iPhone-Info.plist";
				IPHONEOS_DEPLOYMENT_TARGET = 7.0;
				OTHER_LDFLAGS = (
					"-lctemplate-ios",
					"-letpan-ios",
					"-licudata",
					"-licui18n",
					"-licuuc",
					"-lxml2",
					"-lsasl2",
					"-liconv",
					"-ltidy",
					"-lz",
					"-lstdc++",
					"-stdlib=libstdc++",
					"-force_load",
					"$(BUILT_PRODUCTS_DIR)/libMailCore-ios.a",
				);
				PRODUCT_NAME = "Coordel iPhone";
				PROVISIONING_PROFILE = "";
				WRAPPER_EXTENSION = app;
			};
			name = Release;
		};
		4057571817A3177D00735F69 /* Debug */ = {
			isa = XCBuildConfiguration;
			buildSettings = {
				BUNDLE_LOADER = "$(BUILT_PRODUCTS_DIR)/Coordel.app/Coordel";
				FRAMEWORK_SEARCH_PATHS = (
					"\"$(SDKROOT)/Developer/Library/Frameworks\"",
					"\"$(DEVELOPER_LIBRARY_DIR)/Frameworks\"",
					"\"$(SRCROOT)\"",
				);
				GCC_PRECOMPILE_PREFIX_HEADER = YES;
				GCC_PREFIX_HEADER = "Coordel/Coordel-Prefix.pch";
				INFOPLIST_FILE = "CoordelTests/Coordel iPhoneTests-Info.plist";
				PRODUCT_NAME = "Coordel iPhoneTests";
				TEST_HOST = "$(BUNDLE_LOADER)";
				WRAPPER_EXTENSION = octest;
			};
			name = Debug;
		};
		4057571917A3177D00735F69 /* Release */ = {
			isa = XCBuildConfiguration;
			buildSettings = {
				BUNDLE_LOADER = "$(BUILT_PRODUCTS_DIR)/Coordel.app/Coordel";
				FRAMEWORK_SEARCH_PATHS = (
					"\"$(SDKROOT)/Developer/Library/Frameworks\"",
					"\"$(DEVELOPER_LIBRARY_DIR)/Frameworks\"",
					"\"$(SRCROOT)\"",
				);
				GCC_PRECOMPILE_PREFIX_HEADER = YES;
				GCC_PREFIX_HEADER = "Coordel/Coordel-Prefix.pch";
				INFOPLIST_FILE = "CoordelTests/Coordel iPhoneTests-Info.plist";
				PRODUCT_NAME = "Coordel iPhoneTests";
				TEST_HOST = "$(BUNDLE_LOADER)";
				WRAPPER_EXTENSION = octest;
			};
			name = Release;
		};
/* End XCBuildConfiguration section */

/* Begin XCConfigurationList section */
		405756D717A3177D00735F69 /* Build configuration list for PBXProject "Coordel iPhone" */ = {
			isa = XCConfigurationList;
			buildConfigurations = (
				4057571217A3177D00735F69 /* Debug */,
				4057571317A3177D00735F69 /* Release */,
			);
			defaultConfigurationIsVisible = 0;
			defaultConfigurationName = Release;
		};
		4057571417A3177D00735F69 /* Build configuration list for PBXNativeTarget "Coordel iPhone" */ = {
			isa = XCConfigurationList;
			buildConfigurations = (
				4057571517A3177D00735F69 /* Debug */,
				4057571617A3177D00735F69 /* Release */,
			);
			defaultConfigurationIsVisible = 0;
			defaultConfigurationName = Release;
		};
		4057571717A3177D00735F69 /* Build configuration list for PBXNativeTarget "Coordel iPhoneTests" */ = {
			isa = XCConfigurationList;
			buildConfigurations = (
				4057571817A3177D00735F69 /* Debug */,
				4057571917A3177D00735F69 /* Release */,
			);
			defaultConfigurationIsVisible = 0;
			defaultConfigurationName = Release;
		};
/* End XCConfigurationList section */

/* Begin XCVersionGroup section */
		40C5A31217AD5A6800EA140A /* InboxData.xcdatamodeld */ = {
			isa = XCVersionGroup;
			children = (
				40C5A31317AD5A6800EA140A /* InboxData.xcdatamodel */,
			);
			currentVersion = 40C5A31317AD5A6800EA140A /* InboxData.xcdatamodel */;
			path = InboxData.xcdatamodeld;
			sourceTree = "<group>";
			versionGroupType = wrapper.xcdatamodel;
		};
/* End XCVersionGroup section */
	};
	rootObject = 405756D417A3177D00735F69 /* Project object */;
}
